
Microsoft Visual Studio Solution File, Format Version 12.00
# Visual Studio 14
VisualStudioVersion = 14.0.25420.1
MinimumVisualStudioVersion = 10.0.40219.1
Project("{8BC9CEB8-8B4A-11D0-8D11-00A0C91BC942}") = "WindowsBootstrap", "BootstrapWin32\BootstarpWin32.vcxproj", "{BAB0D207-100D-41A8-A2B8-09BA3B30C404}"
	ProjectSection(ProjectDependencies) = postProject
		{BA8DA825-3F9B-402D-A53B-10BFB7DF8219} = {BA8DA825-3F9B-402D-A53B-10BFB7DF8219}
		{E4F0ED81-E3A5-48F6-A9D9-87BA1D809203} = {E4F0ED81-E3A5-48F6-A9D9-87BA1D809203}
	EndProjectSection
EndProject
Project("{8BC9CEB8-8B4A-11D0-8D11-00A0C91BC942}") = "EngineWin32", "EngineWin32\EngineWin32.vcxproj", "{E4F0ED81-E3A5-48F6-A9D9-87BA1D809203}"
	ProjectSection(ProjectDependencies) = postProject
		{84C4C6F2-AF1F-4D38-82DF-93F6ED73E1C0} = {84C4C6F2-AF1F-4D38-82DF-93F6ED73E1C0}
	EndProjectSection
EndProject
Project("{8BC9CEB8-8B4A-11D0-8D11-00A0C91BC942}") = "XboxOneMain", "XboxOneMain\XboxOneMain.vcxproj", "{18E0D1B7-9B66-4015-8451-44FE40F9EC85}"
EndProject
Project("{8BC9CEB8-8B4A-11D0-8D11-00A0C91BC942}") = "MUtilsUWP", "MathUWP\MathUWP.vcxproj", "{2425CB36-ACA8-4B2D-B90D-7C70F201CA29}"
EndProject
Project("{8BC9CEB8-8B4A-11D0-8D11-00A0C91BC942}") = "EngineUWP", "EngineUWP\EngineUWP.vcxproj", "{3821CC33-3FB4-4184-808B-5E62B317650D}"
	ProjectSection(ProjectDependencies) = postProject
		{FB3F52B5-BFE8-43FD-836F-363735DAB738} = {FB3F52B5-BFE8-43FD-836F-363735DAB738}
	EndProjectSection
EndProject
Project("{8BC9CEB8-8B4A-11D0-8D11-00A0C91BC942}") = "MUtilsTest", "MUtils\MUtilsTest\MUtilsTest.vcxproj", "{F52D6BB6-9133-472E-A35F-D1A562499F27}"
EndProject
Project("{8BC9CEB8-8B4A-11D0-8D11-00A0C91BC942}") = "MUtils", "MUtils\MUtils\MUtils.vcxproj", "{84C4C6F2-AF1F-4D38-82DF-93F6ED73E1C0}"
EndProject
Project("{8BC9CEB8-8B4A-11D0-8D11-00A0C91BC942}") = "Tetris", "..\..\Perso\NewTetris\Tetris\Tetris\Tetris.vcxproj", "{BA8DA825-3F9B-402D-A53B-10BFB7DF8219}"
	ProjectSection(ProjectDependencies) = postProject
		{E4F0ED81-E3A5-48F6-A9D9-87BA1D809203} = {E4F0ED81-E3A5-48F6-A9D9-87BA1D809203}
		{84C4C6F2-AF1F-4D38-82DF-93F6ED73E1C0} = {84C4C6F2-AF1F-4D38-82DF-93F6ED73E1C0}
	EndProjectSection
EndProject
Project("{8BC9CEB8-8B4A-11D0-8D11-00A0C91BC942}") = "DirectXTexWin32", "..\..\UsefullRepo\DirectXTex\DirectXTex_Desktop_2015_Win10.vcxproj", "{371B9FA9-4C90-4AC6-A123-ACED756D6C77}"
EndProject
Project("{8BC9CEB8-8B4A-11D0-8D11-00A0C91BC942}") = "DirectXTex", "..\..\UsefullRepo\DirectXTex\DirectXTex_Windows10_2015.vcxproj", "{FB3F52B5-BFE8-43FD-836F-363735DAB738}"
EndProject
Project("{8BC9CEB8-8B4A-11D0-8D11-00A0C91BC942}") = "Test", "Test\Test.vcxproj", "{3E5BB08C-0A21-460B-892E-9775D954FC1F}"
EndProject
Project("{8BC9CEB8-8B4A-11D0-8D11-00A0C91BC942}") = "TetrisUWP", "..\..\Perso\NewTetris\Tetris\TetrisUWP\TetrisUWP.vcxproj", "{5681B43C-F743-40FE-B6EE-D27FA8DE1E67}"
	ProjectSection(ProjectDependencies) = postProject
		{3821CC33-3FB4-4184-808B-5E62B317650D} = {3821CC33-3FB4-4184-808B-5E62B317650D}
	EndProjectSection
EndProject
Global
	GlobalSection(SolutionConfigurationPlatforms) = preSolution
		Debug|ARM = Debug|ARM
		Debug|x64 = Debug|x64
		Debug|x86 = Debug|x86
		DebugProfiling|ARM = DebugProfiling|ARM
		DebugProfiling|x64 = DebugProfiling|x64
		DebugProfiling|x86 = DebugProfiling|x86
		DebugXboxOne|ARM = DebugXboxOne|ARM
		DebugXboxOne|x64 = DebugXboxOne|x64
		DebugXboxOne|x86 = DebugXboxOne|x86
		Profile|ARM = Profile|ARM
		Profile|x64 = Profile|x64
		Profile|x86 = Profile|x86
		Release|ARM = Release|ARM
		Release|x64 = Release|x64
		Release|x86 = Release|x86
		ReleaseXboxOne|ARM = ReleaseXboxOne|ARM
		ReleaseXboxOne|x64 = ReleaseXboxOne|x64
		ReleaseXboxOne|x86 = ReleaseXboxOne|x86
	EndGlobalSection
	GlobalSection(ProjectConfigurationPlatforms) = postSolution
		{BAB0D207-100D-41A8-A2B8-09BA3B30C404}.Debug|ARM.ActiveCfg = Debug|Win32
		{BAB0D207-100D-41A8-A2B8-09BA3B30C404}.Debug|x64.ActiveCfg = Debug|x64
		{BAB0D207-100D-41A8-A2B8-09BA3B30C404}.Debug|x64.Build.0 = Debug|x64
		{BAB0D207-100D-41A8-A2B8-09BA3B30C404}.Debug|x86.ActiveCfg = Debug|Win32
		{BAB0D207-100D-41A8-A2B8-09BA3B30C404}.Debug|x86.Build.0 = Debug|Win32
		{BAB0D207-100D-41A8-A2B8-09BA3B30C404}.DebugProfiling|ARM.ActiveCfg = DebugProfiling|Win32
		{BAB0D207-100D-41A8-A2B8-09BA3B30C404}.DebugProfiling|x64.ActiveCfg = DebugProfiling|x64
		{BAB0D207-100D-41A8-A2B8-09BA3B30C404}.DebugProfiling|x64.Build.0 = DebugProfiling|x64
		{BAB0D207-100D-41A8-A2B8-09BA3B30C404}.DebugProfiling|x86.ActiveCfg = DebugProfiling|Win32
		{BAB0D207-100D-41A8-A2B8-09BA3B30C404}.DebugProfiling|x86.Build.0 = DebugProfiling|Win32
		{BAB0D207-100D-41A8-A2B8-09BA3B30C404}.DebugXboxOne|ARM.ActiveCfg = DebugXboxOne|Win32
		{BAB0D207-100D-41A8-A2B8-09BA3B30C404}.DebugXboxOne|x64.ActiveCfg = DebugXboxOne|x64
		{BAB0D207-100D-41A8-A2B8-09BA3B30C404}.DebugXboxOne|x64.Build.0 = DebugXboxOne|x64
		{BAB0D207-100D-41A8-A2B8-09BA3B30C404}.DebugXboxOne|x86.ActiveCfg = DebugXboxOne|Win32
		{BAB0D207-100D-41A8-A2B8-09BA3B30C404}.DebugXboxOne|x86.Build.0 = DebugXboxOne|Win32
		{BAB0D207-100D-41A8-A2B8-09BA3B30C404}.Profile|ARM.ActiveCfg = ReleaseXboxOne|x64
		{BAB0D207-100D-41A8-A2B8-09BA3B30C404}.Profile|ARM.Build.0 = ReleaseXboxOne|x64
		{BAB0D207-100D-41A8-A2B8-09BA3B30C404}.Profile|x64.ActiveCfg = ReleaseXboxOne|x64
		{BAB0D207-100D-41A8-A2B8-09BA3B30C404}.Profile|x64.Build.0 = ReleaseXboxOne|x64
		{BAB0D207-100D-41A8-A2B8-09BA3B30C404}.Profile|x86.ActiveCfg = ReleaseXboxOne|Win32
		{BAB0D207-100D-41A8-A2B8-09BA3B30C404}.Profile|x86.Build.0 = ReleaseXboxOne|Win32
		{BAB0D207-100D-41A8-A2B8-09BA3B30C404}.Release|ARM.ActiveCfg = Release|Win32
		{BAB0D207-100D-41A8-A2B8-09BA3B30C404}.Release|x64.ActiveCfg = Release|x64
		{BAB0D207-100D-41A8-A2B8-09BA3B30C404}.Release|x64.Build.0 = Release|x64
		{BAB0D207-100D-41A8-A2B8-09BA3B30C404}.Release|x86.ActiveCfg = Release|Win32
		{BAB0D207-100D-41A8-A2B8-09BA3B30C404}.Release|x86.Build.0 = Release|Win32
		{BAB0D207-100D-41A8-A2B8-09BA3B30C404}.ReleaseXboxOne|ARM.ActiveCfg = ReleaseXboxOne|Win32
		{BAB0D207-100D-41A8-A2B8-09BA3B30C404}.ReleaseXboxOne|x64.ActiveCfg = ReleaseXboxOne|x64
		{BAB0D207-100D-41A8-A2B8-09BA3B30C404}.ReleaseXboxOne|x64.Build.0 = ReleaseXboxOne|x64
		{BAB0D207-100D-41A8-A2B8-09BA3B30C404}.ReleaseXboxOne|x86.ActiveCfg = ReleaseXboxOne|Win32
		{BAB0D207-100D-41A8-A2B8-09BA3B30C404}.ReleaseXboxOne|x86.Build.0 = ReleaseXboxOne|Win32
		{E4F0ED81-E3A5-48F6-A9D9-87BA1D809203}.Debug|ARM.ActiveCfg = Debug|Win32
		{E4F0ED81-E3A5-48F6-A9D9-87BA1D809203}.Debug|x64.ActiveCfg = Debug|x64
		{E4F0ED81-E3A5-48F6-A9D9-87BA1D809203}.Debug|x64.Build.0 = Debug|x64
		{E4F0ED81-E3A5-48F6-A9D9-87BA1D809203}.Debug|x86.ActiveCfg = Debug|Win32
		{E4F0ED81-E3A5-48F6-A9D9-87BA1D809203}.Debug|x86.Build.0 = Debug|Win32
		{E4F0ED81-E3A5-48F6-A9D9-87BA1D809203}.DebugProfiling|ARM.ActiveCfg = DebugProfiling|Win32
		{E4F0ED81-E3A5-48F6-A9D9-87BA1D809203}.DebugProfiling|x64.ActiveCfg = DebugProfiling|x64
		{E4F0ED81-E3A5-48F6-A9D9-87BA1D809203}.DebugProfiling|x64.Build.0 = DebugProfiling|x64
		{E4F0ED81-E3A5-48F6-A9D9-87BA1D809203}.DebugProfiling|x86.ActiveCfg = DebugProfiling|Win32
		{E4F0ED81-E3A5-48F6-A9D9-87BA1D809203}.DebugProfiling|x86.Build.0 = DebugProfiling|Win32
		{E4F0ED81-E3A5-48F6-A9D9-87BA1D809203}.DebugXboxOne|ARM.ActiveCfg = DebugXboxOne|Win32
		{E4F0ED81-E3A5-48F6-A9D9-87BA1D809203}.DebugXboxOne|x64.ActiveCfg = DebugXboxOne|x64
		{E4F0ED81-E3A5-48F6-A9D9-87BA1D809203}.DebugXboxOne|x64.Build.0 = DebugXboxOne|x64
		{E4F0ED81-E3A5-48F6-A9D9-87BA1D809203}.DebugXboxOne|x86.ActiveCfg = DebugXboxOne|Win32
		{E4F0ED81-E3A5-48F6-A9D9-87BA1D809203}.DebugXboxOne|x86.Build.0 = DebugXboxOne|Win32
		{E4F0ED81-E3A5-48F6-A9D9-87BA1D809203}.Profile|ARM.ActiveCfg = ReleaseXboxOne|x64
		{E4F0ED81-E3A5-48F6-A9D9-87BA1D809203}.Profile|ARM.Build.0 = ReleaseXboxOne|x64
		{E4F0ED81-E3A5-48F6-A9D9-87BA1D809203}.Profile|x64.ActiveCfg = ReleaseXboxOne|x64
		{E4F0ED81-E3A5-48F6-A9D9-87BA1D809203}.Profile|x64.Build.0 = ReleaseXboxOne|x64
		{E4F0ED81-E3A5-48F6-A9D9-87BA1D809203}.Profile|x86.ActiveCfg = ReleaseXboxOne|Win32
		{E4F0ED81-E3A5-48F6-A9D9-87BA1D809203}.Profile|x86.Build.0 = ReleaseXboxOne|Win32
		{E4F0ED81-E3A5-48F6-A9D9-87BA1D809203}.Release|ARM.ActiveCfg = Release|Win32
		{E4F0ED81-E3A5-48F6-A9D9-87BA1D809203}.Release|x64.ActiveCfg = Release|x64
		{E4F0ED81-E3A5-48F6-A9D9-87BA1D809203}.Release|x64.Build.0 = Release|x64
		{E4F0ED81-E3A5-48F6-A9D9-87BA1D809203}.Release|x86.ActiveCfg = Release|Win32
		{E4F0ED81-E3A5-48F6-A9D9-87BA1D809203}.Release|x86.Build.0 = Release|Win32
		{E4F0ED81-E3A5-48F6-A9D9-87BA1D809203}.ReleaseXboxOne|ARM.ActiveCfg = ReleaseXboxOne|Win32
		{E4F0ED81-E3A5-48F6-A9D9-87BA1D809203}.ReleaseXboxOne|x64.ActiveCfg = ReleaseXboxOne|x64
		{E4F0ED81-E3A5-48F6-A9D9-87BA1D809203}.ReleaseXboxOne|x64.Build.0 = ReleaseXboxOne|x64
		{E4F0ED81-E3A5-48F6-A9D9-87BA1D809203}.ReleaseXboxOne|x86.ActiveCfg = ReleaseXboxOne|Win32
		{E4F0ED81-E3A5-48F6-A9D9-87BA1D809203}.ReleaseXboxOne|x86.Build.0 = ReleaseXboxOne|Win32
		{18E0D1B7-9B66-4015-8451-44FE40F9EC85}.Debug|ARM.ActiveCfg = Debug|ARM
		{18E0D1B7-9B66-4015-8451-44FE40F9EC85}.Debug|ARM.Build.0 = Debug|ARM
		{18E0D1B7-9B66-4015-8451-44FE40F9EC85}.Debug|ARM.Deploy.0 = Debug|ARM
		{18E0D1B7-9B66-4015-8451-44FE40F9EC85}.Debug|x64.ActiveCfg = Debug|x64
		{18E0D1B7-9B66-4015-8451-44FE40F9EC85}.Debug|x64.Build.0 = Debug|x64
		{18E0D1B7-9B66-4015-8451-44FE40F9EC85}.Debug|x64.Deploy.0 = Debug|x64
		{18E0D1B7-9B66-4015-8451-44FE40F9EC85}.Debug|x86.ActiveCfg = Debug|Win32
		{18E0D1B7-9B66-4015-8451-44FE40F9EC85}.Debug|x86.Build.0 = Debug|Win32
		{18E0D1B7-9B66-4015-8451-44FE40F9EC85}.Debug|x86.Deploy.0 = Debug|Win32
		{18E0D1B7-9B66-4015-8451-44FE40F9EC85}.DebugProfiling|ARM.ActiveCfg = DebugProfiling|ARM
		{18E0D1B7-9B66-4015-8451-44FE40F9EC85}.DebugProfiling|ARM.Build.0 = DebugProfiling|ARM
		{18E0D1B7-9B66-4015-8451-44FE40F9EC85}.DebugProfiling|ARM.Deploy.0 = DebugProfiling|ARM
		{18E0D1B7-9B66-4015-8451-44FE40F9EC85}.DebugProfiling|x64.ActiveCfg = DebugProfiling|x64
		{18E0D1B7-9B66-4015-8451-44FE40F9EC85}.DebugProfiling|x64.Build.0 = DebugProfiling|x64
		{18E0D1B7-9B66-4015-8451-44FE40F9EC85}.DebugProfiling|x64.Deploy.0 = DebugProfiling|x64
		{18E0D1B7-9B66-4015-8451-44FE40F9EC85}.DebugProfiling|x86.ActiveCfg = DebugProfiling|Win32
		{18E0D1B7-9B66-4015-8451-44FE40F9EC85}.DebugProfiling|x86.Build.0 = DebugProfiling|Win32
		{18E0D1B7-9B66-4015-8451-44FE40F9EC85}.DebugProfiling|x86.Deploy.0 = DebugProfiling|Win32
		{18E0D1B7-9B66-4015-8451-44FE40F9EC85}.DebugXboxOne|ARM.ActiveCfg = DebugXboxOne|ARM
		{18E0D1B7-9B66-4015-8451-44FE40F9EC85}.DebugXboxOne|ARM.Build.0 = DebugXboxOne|ARM
		{18E0D1B7-9B66-4015-8451-44FE40F9EC85}.DebugXboxOne|ARM.Deploy.0 = DebugXboxOne|ARM
		{18E0D1B7-9B66-4015-8451-44FE40F9EC85}.DebugXboxOne|x64.ActiveCfg = DebugXboxOne|x64
		{18E0D1B7-9B66-4015-8451-44FE40F9EC85}.DebugXboxOne|x64.Build.0 = DebugXboxOne|x64
		{18E0D1B7-9B66-4015-8451-44FE40F9EC85}.DebugXboxOne|x64.Deploy.0 = DebugXboxOne|x64
		{18E0D1B7-9B66-4015-8451-44FE40F9EC85}.DebugXboxOne|x86.ActiveCfg = DebugXboxOne|Win32
		{18E0D1B7-9B66-4015-8451-44FE40F9EC85}.DebugXboxOne|x86.Build.0 = DebugXboxOne|Win32
		{18E0D1B7-9B66-4015-8451-44FE40F9EC85}.DebugXboxOne|x86.Deploy.0 = DebugXboxOne|Win32
		{18E0D1B7-9B66-4015-8451-44FE40F9EC85}.Profile|ARM.ActiveCfg = ReleaseXboxOne|ARM
		{18E0D1B7-9B66-4015-8451-44FE40F9EC85}.Profile|ARM.Build.0 = ReleaseXboxOne|ARM
		{18E0D1B7-9B66-4015-8451-44FE40F9EC85}.Profile|ARM.Deploy.0 = ReleaseXboxOne|ARM
		{18E0D1B7-9B66-4015-8451-44FE40F9EC85}.Profile|x64.ActiveCfg = ReleaseXboxOne|x64
		{18E0D1B7-9B66-4015-8451-44FE40F9EC85}.Profile|x64.Build.0 = ReleaseXboxOne|x64
		{18E0D1B7-9B66-4015-8451-44FE40F9EC85}.Profile|x64.Deploy.0 = ReleaseXboxOne|x64
		{18E0D1B7-9B66-4015-8451-44FE40F9EC85}.Profile|x86.ActiveCfg = ReleaseXboxOne|Win32
		{18E0D1B7-9B66-4015-8451-44FE40F9EC85}.Profile|x86.Build.0 = ReleaseXboxOne|Win32
		{18E0D1B7-9B66-4015-8451-44FE40F9EC85}.Profile|x86.Deploy.0 = ReleaseXboxOne|Win32
		{18E0D1B7-9B66-4015-8451-44FE40F9EC85}.Release|ARM.ActiveCfg = Release|ARM
		{18E0D1B7-9B66-4015-8451-44FE40F9EC85}.Release|ARM.Build.0 = Release|ARM
		{18E0D1B7-9B66-4015-8451-44FE40F9EC85}.Release|ARM.Deploy.0 = Release|ARM
		{18E0D1B7-9B66-4015-8451-44FE40F9EC85}.Release|x64.ActiveCfg = Release|x64
		{18E0D1B7-9B66-4015-8451-44FE40F9EC85}.Release|x64.Build.0 = Release|x64
		{18E0D1B7-9B66-4015-8451-44FE40F9EC85}.Release|x64.Deploy.0 = Release|x64
		{18E0D1B7-9B66-4015-8451-44FE40F9EC85}.Release|x86.ActiveCfg = Release|Win32
		{18E0D1B7-9B66-4015-8451-44FE40F9EC85}.Release|x86.Build.0 = Release|Win32
		{18E0D1B7-9B66-4015-8451-44FE40F9EC85}.Release|x86.Deploy.0 = Release|Win32
		{18E0D1B7-9B66-4015-8451-44FE40F9EC85}.ReleaseXboxOne|ARM.ActiveCfg = ReleaseXboxOne|ARM
		{18E0D1B7-9B66-4015-8451-44FE40F9EC85}.ReleaseXboxOne|ARM.Build.0 = ReleaseXboxOne|ARM
		{18E0D1B7-9B66-4015-8451-44FE40F9EC85}.ReleaseXboxOne|ARM.Deploy.0 = ReleaseXboxOne|ARM
		{18E0D1B7-9B66-4015-8451-44FE40F9EC85}.ReleaseXboxOne|x64.ActiveCfg = ReleaseXboxOne|x64
		{18E0D1B7-9B66-4015-8451-44FE40F9EC85}.ReleaseXboxOne|x64.Build.0 = ReleaseXboxOne|x64
		{18E0D1B7-9B66-4015-8451-44FE40F9EC85}.ReleaseXboxOne|x64.Deploy.0 = ReleaseXboxOne|x64
		{18E0D1B7-9B66-4015-8451-44FE40F9EC85}.ReleaseXboxOne|x86.ActiveCfg = ReleaseXboxOne|Win32
		{18E0D1B7-9B66-4015-8451-44FE40F9EC85}.ReleaseXboxOne|x86.Build.0 = ReleaseXboxOne|Win32
		{18E0D1B7-9B66-4015-8451-44FE40F9EC85}.ReleaseXboxOne|x86.Deploy.0 = ReleaseXboxOne|Win32
		{2425CB36-ACA8-4B2D-B90D-7C70F201CA29}.Debug|ARM.ActiveCfg = Debug|ARM
		{2425CB36-ACA8-4B2D-B90D-7C70F201CA29}.Debug|ARM.Build.0 = Debug|ARM
		{2425CB36-ACA8-4B2D-B90D-7C70F201CA29}.Debug|x64.ActiveCfg = Debug|x64
		{2425CB36-ACA8-4B2D-B90D-7C70F201CA29}.Debug|x64.Build.0 = Debug|x64
		{2425CB36-ACA8-4B2D-B90D-7C70F201CA29}.Debug|x86.ActiveCfg = Debug|Win32
		{2425CB36-ACA8-4B2D-B90D-7C70F201CA29}.Debug|x86.Build.0 = Debug|Win32
		{2425CB36-ACA8-4B2D-B90D-7C70F201CA29}.DebugProfiling|ARM.ActiveCfg = DebugProfiling|ARM
		{2425CB36-ACA8-4B2D-B90D-7C70F201CA29}.DebugProfiling|ARM.Build.0 = DebugProfiling|ARM
		{2425CB36-ACA8-4B2D-B90D-7C70F201CA29}.DebugProfiling|x64.ActiveCfg = DebugProfiling|x64
		{2425CB36-ACA8-4B2D-B90D-7C70F201CA29}.DebugProfiling|x64.Build.0 = DebugProfiling|x64
		{2425CB36-ACA8-4B2D-B90D-7C70F201CA29}.DebugProfiling|x86.ActiveCfg = DebugProfiling|Win32
		{2425CB36-ACA8-4B2D-B90D-7C70F201CA29}.DebugProfiling|x86.Build.0 = DebugProfiling|Win32
		{2425CB36-ACA8-4B2D-B90D-7C70F201CA29}.DebugXboxOne|ARM.ActiveCfg = DebugXboxOne|ARM
		{2425CB36-ACA8-4B2D-B90D-7C70F201CA29}.DebugXboxOne|ARM.Build.0 = DebugXboxOne|ARM
		{2425CB36-ACA8-4B2D-B90D-7C70F201CA29}.DebugXboxOne|x64.ActiveCfg = DebugXboxOne|x64
		{2425CB36-ACA8-4B2D-B90D-7C70F201CA29}.DebugXboxOne|x64.Build.0 = DebugXboxOne|x64
		{2425CB36-ACA8-4B2D-B90D-7C70F201CA29}.DebugXboxOne|x86.ActiveCfg = DebugXboxOne|Win32
		{2425CB36-ACA8-4B2D-B90D-7C70F201CA29}.DebugXboxOne|x86.Build.0 = DebugXboxOne|Win32
		{2425CB36-ACA8-4B2D-B90D-7C70F201CA29}.Profile|ARM.ActiveCfg = ReleaseXboxOne|ARM
		{2425CB36-ACA8-4B2D-B90D-7C70F201CA29}.Profile|ARM.Build.0 = ReleaseXboxOne|ARM
		{2425CB36-ACA8-4B2D-B90D-7C70F201CA29}.Profile|x64.ActiveCfg = ReleaseXboxOne|x64
		{2425CB36-ACA8-4B2D-B90D-7C70F201CA29}.Profile|x64.Build.0 = ReleaseXboxOne|x64
		{2425CB36-ACA8-4B2D-B90D-7C70F201CA29}.Profile|x86.ActiveCfg = ReleaseXboxOne|Win32
		{2425CB36-ACA8-4B2D-B90D-7C70F201CA29}.Profile|x86.Build.0 = ReleaseXboxOne|Win32
		{2425CB36-ACA8-4B2D-B90D-7C70F201CA29}.Release|ARM.ActiveCfg = Release|ARM
		{2425CB36-ACA8-4B2D-B90D-7C70F201CA29}.Release|ARM.Build.0 = Release|ARM
		{2425CB36-ACA8-4B2D-B90D-7C70F201CA29}.Release|x64.ActiveCfg = Release|x64
		{2425CB36-ACA8-4B2D-B90D-7C70F201CA29}.Release|x64.Build.0 = Release|x64
		{2425CB36-ACA8-4B2D-B90D-7C70F201CA29}.Release|x86.ActiveCfg = Release|Win32
		{2425CB36-ACA8-4B2D-B90D-7C70F201CA29}.Release|x86.Build.0 = Release|Win32
		{2425CB36-ACA8-4B2D-B90D-7C70F201CA29}.ReleaseXboxOne|ARM.ActiveCfg = ReleaseXboxOne|ARM
		{2425CB36-ACA8-4B2D-B90D-7C70F201CA29}.ReleaseXboxOne|ARM.Build.0 = ReleaseXboxOne|ARM
		{2425CB36-ACA8-4B2D-B90D-7C70F201CA29}.ReleaseXboxOne|x64.ActiveCfg = ReleaseXboxOne|x64
		{2425CB36-ACA8-4B2D-B90D-7C70F201CA29}.ReleaseXboxOne|x64.Build.0 = ReleaseXboxOne|x64
		{2425CB36-ACA8-4B2D-B90D-7C70F201CA29}.ReleaseXboxOne|x86.ActiveCfg = ReleaseXboxOne|Win32
		{2425CB36-ACA8-4B2D-B90D-7C70F201CA29}.ReleaseXboxOne|x86.Build.0 = ReleaseXboxOne|Win32
		{3821CC33-3FB4-4184-808B-5E62B317650D}.Debug|ARM.ActiveCfg = Debug|ARM
		{3821CC33-3FB4-4184-808B-5E62B317650D}.Debug|ARM.Build.0 = Debug|ARM
		{3821CC33-3FB4-4184-808B-5E62B317650D}.Debug|x64.ActiveCfg = Debug|x64
		{3821CC33-3FB4-4184-808B-5E62B317650D}.Debug|x64.Build.0 = Debug|x64
		{3821CC33-3FB4-4184-808B-5E62B317650D}.Debug|x86.ActiveCfg = Debug|Win32
		{3821CC33-3FB4-4184-808B-5E62B317650D}.Debug|x86.Build.0 = Debug|Win32
		{3821CC33-3FB4-4184-808B-5E62B317650D}.DebugProfiling|ARM.ActiveCfg = DebugProfiling|ARM
		{3821CC33-3FB4-4184-808B-5E62B317650D}.DebugProfiling|ARM.Build.0 = DebugProfiling|ARM
		{3821CC33-3FB4-4184-808B-5E62B317650D}.DebugProfiling|x64.ActiveCfg = DebugProfiling|x64
		{3821CC33-3FB4-4184-808B-5E62B317650D}.DebugProfiling|x64.Build.0 = DebugProfiling|x64
		{3821CC33-3FB4-4184-808B-5E62B317650D}.DebugProfiling|x86.ActiveCfg = DebugProfiling|Win32
		{3821CC33-3FB4-4184-808B-5E62B317650D}.DebugProfiling|x86.Build.0 = DebugProfiling|Win32
		{3821CC33-3FB4-4184-808B-5E62B317650D}.DebugXboxOne|ARM.ActiveCfg = DebugXboxOne|ARM
		{3821CC33-3FB4-4184-808B-5E62B317650D}.DebugXboxOne|ARM.Build.0 = DebugXboxOne|ARM
		{3821CC33-3FB4-4184-808B-5E62B317650D}.DebugXboxOne|x64.ActiveCfg = DebugXboxOne|x64
		{3821CC33-3FB4-4184-808B-5E62B317650D}.DebugXboxOne|x64.Build.0 = DebugXboxOne|x64
		{3821CC33-3FB4-4184-808B-5E62B317650D}.DebugXboxOne|x86.ActiveCfg = DebugXboxOne|Win32
		{3821CC33-3FB4-4184-808B-5E62B317650D}.DebugXboxOne|x86.Build.0 = DebugXboxOne|Win32
		{3821CC33-3FB4-4184-808B-5E62B317650D}.Profile|ARM.ActiveCfg = ReleaseXboxOne|ARM
		{3821CC33-3FB4-4184-808B-5E62B317650D}.Profile|ARM.Build.0 = ReleaseXboxOne|ARM
		{3821CC33-3FB4-4184-808B-5E62B317650D}.Profile|x64.ActiveCfg = ReleaseXboxOne|x64
		{3821CC33-3FB4-4184-808B-5E62B317650D}.Profile|x64.Build.0 = ReleaseXboxOne|x64
		{3821CC33-3FB4-4184-808B-5E62B317650D}.Profile|x86.ActiveCfg = ReleaseXboxOne|Win32
		{3821CC33-3FB4-4184-808B-5E62B317650D}.Profile|x86.Build.0 = ReleaseXboxOne|Win32
		{3821CC33-3FB4-4184-808B-5E62B317650D}.Release|ARM.ActiveCfg = Release|ARM
		{3821CC33-3FB4-4184-808B-5E62B317650D}.Release|ARM.Build.0 = Release|ARM
		{3821CC33-3FB4-4184-808B-5E62B317650D}.Release|x64.ActiveCfg = Release|x64
		{3821CC33-3FB4-4184-808B-5E62B317650D}.Release|x64.Build.0 = Release|x64
		{3821CC33-3FB4-4184-808B-5E62B317650D}.Release|x86.ActiveCfg = Release|Win32
		{3821CC33-3FB4-4184-808B-5E62B317650D}.Release|x86.Build.0 = Release|Win32
		{3821CC33-3FB4-4184-808B-5E62B317650D}.ReleaseXboxOne|ARM.ActiveCfg = ReleaseXboxOne|ARM
		{3821CC33-3FB4-4184-808B-5E62B317650D}.ReleaseXboxOne|ARM.Build.0 = ReleaseXboxOne|ARM
		{3821CC33-3FB4-4184-808B-5E62B317650D}.ReleaseXboxOne|x64.ActiveCfg = ReleaseXboxOne|x64
		{3821CC33-3FB4-4184-808B-5E62B317650D}.ReleaseXboxOne|x64.Build.0 = ReleaseXboxOne|x64
		{3821CC33-3FB4-4184-808B-5E62B317650D}.ReleaseXboxOne|x86.ActiveCfg = ReleaseXboxOne|Win32
		{3821CC33-3FB4-4184-808B-5E62B317650D}.ReleaseXboxOne|x86.Build.0 = ReleaseXboxOne|Win32
		{F52D6BB6-9133-472E-A35F-D1A562499F27}.Debug|ARM.ActiveCfg = Debug|Win32
		{F52D6BB6-9133-472E-A35F-D1A562499F27}.Debug|x64.ActiveCfg = Debug|x64
		{F52D6BB6-9133-472E-A35F-D1A562499F27}.Debug|x64.Build.0 = Debug|x64
		{F52D6BB6-9133-472E-A35F-D1A562499F27}.Debug|x86.ActiveCfg = Debug|Win32
		{F52D6BB6-9133-472E-A35F-D1A562499F27}.Debug|x86.Build.0 = Debug|Win32
		{F52D6BB6-9133-472E-A35F-D1A562499F27}.DebugProfiling|ARM.ActiveCfg = DebugProfiling|Win32
		{F52D6BB6-9133-472E-A35F-D1A562499F27}.DebugProfiling|x64.ActiveCfg = DebugProfiling|x64
		{F52D6BB6-9133-472E-A35F-D1A562499F27}.DebugProfiling|x64.Build.0 = DebugProfiling|x64
		{F52D6BB6-9133-472E-A35F-D1A562499F27}.DebugProfiling|x86.ActiveCfg = DebugProfiling|Win32
		{F52D6BB6-9133-472E-A35F-D1A562499F27}.DebugProfiling|x86.Build.0 = DebugProfiling|Win32
		{F52D6BB6-9133-472E-A35F-D1A562499F27}.DebugXboxOne|ARM.ActiveCfg = Release|x64
		{F52D6BB6-9133-472E-A35F-D1A562499F27}.DebugXboxOne|ARM.Build.0 = Release|x64
		{F52D6BB6-9133-472E-A35F-D1A562499F27}.DebugXboxOne|x64.ActiveCfg = Debug|x64
		{F52D6BB6-9133-472E-A35F-D1A562499F27}.DebugXboxOne|x64.Build.0 = Debug|x64
		{F52D6BB6-9133-472E-A35F-D1A562499F27}.DebugXboxOne|x86.ActiveCfg = Debug|Win32
		{F52D6BB6-9133-472E-A35F-D1A562499F27}.DebugXboxOne|x86.Build.0 = Debug|Win32
		{F52D6BB6-9133-472E-A35F-D1A562499F27}.Profile|ARM.ActiveCfg = Release|Win32
		{F52D6BB6-9133-472E-A35F-D1A562499F27}.Profile|ARM.Build.0 = Release|Win32
		{F52D6BB6-9133-472E-A35F-D1A562499F27}.Profile|x64.ActiveCfg = Release|x64
		{F52D6BB6-9133-472E-A35F-D1A562499F27}.Profile|x64.Build.0 = Release|x64
		{F52D6BB6-9133-472E-A35F-D1A562499F27}.Profile|x86.ActiveCfg = Release|Win32
		{F52D6BB6-9133-472E-A35F-D1A562499F27}.Profile|x86.Build.0 = Release|Win32
		{F52D6BB6-9133-472E-A35F-D1A562499F27}.Release|ARM.ActiveCfg = Release|Win32
		{F52D6BB6-9133-472E-A35F-D1A562499F27}.Release|x64.ActiveCfg = Release|x64
		{F52D6BB6-9133-472E-A35F-D1A562499F27}.Release|x64.Build.0 = Release|x64
		{F52D6BB6-9133-472E-A35F-D1A562499F27}.Release|x86.ActiveCfg = Release|Win32
		{F52D6BB6-9133-472E-A35F-D1A562499F27}.Release|x86.Build.0 = Release|Win32
		{F52D6BB6-9133-472E-A35F-D1A562499F27}.ReleaseXboxOne|ARM.ActiveCfg = Release|x64
		{F52D6BB6-9133-472E-A35F-D1A562499F27}.ReleaseXboxOne|ARM.Build.0 = Release|x64
		{F52D6BB6-9133-472E-A35F-D1A562499F27}.ReleaseXboxOne|x64.ActiveCfg = Release|x64
		{F52D6BB6-9133-472E-A35F-D1A562499F27}.ReleaseXboxOne|x64.Build.0 = Release|x64
		{F52D6BB6-9133-472E-A35F-D1A562499F27}.ReleaseXboxOne|x86.ActiveCfg = Release|Win32
		{F52D6BB6-9133-472E-A35F-D1A562499F27}.ReleaseXboxOne|x86.Build.0 = Release|Win32
		{84C4C6F2-AF1F-4D38-82DF-93F6ED73E1C0}.Debug|ARM.ActiveCfg = Debug|Win32
		{84C4C6F2-AF1F-4D38-82DF-93F6ED73E1C0}.Debug|x64.ActiveCfg = Debug|x64
		{84C4C6F2-AF1F-4D38-82DF-93F6ED73E1C0}.Debug|x64.Build.0 = Debug|x64
		{84C4C6F2-AF1F-4D38-82DF-93F6ED73E1C0}.Debug|x86.ActiveCfg = Debug|Win32
		{84C4C6F2-AF1F-4D38-82DF-93F6ED73E1C0}.Debug|x86.Build.0 = Debug|Win32
		{84C4C6F2-AF1F-4D38-82DF-93F6ED73E1C0}.DebugProfiling|ARM.ActiveCfg = DebugProfiling|Win32
		{84C4C6F2-AF1F-4D38-82DF-93F6ED73E1C0}.DebugProfiling|x64.ActiveCfg = DebugProfiling|x64
		{84C4C6F2-AF1F-4D38-82DF-93F6ED73E1C0}.DebugProfiling|x64.Build.0 = DebugProfiling|x64
		{84C4C6F2-AF1F-4D38-82DF-93F6ED73E1C0}.DebugProfiling|x86.ActiveCfg = DebugProfiling|Win32
		{84C4C6F2-AF1F-4D38-82DF-93F6ED73E1C0}.DebugProfiling|x86.Build.0 = DebugProfiling|Win32
		{84C4C6F2-AF1F-4D38-82DF-93F6ED73E1C0}.DebugXboxOne|ARM.ActiveCfg = Release|x64
		{84C4C6F2-AF1F-4D38-82DF-93F6ED73E1C0}.DebugXboxOne|ARM.Build.0 = Release|x64
		{84C4C6F2-AF1F-4D38-82DF-93F6ED73E1C0}.DebugXboxOne|x64.ActiveCfg = Debug|x64
		{84C4C6F2-AF1F-4D38-82DF-93F6ED73E1C0}.DebugXboxOne|x64.Build.0 = Debug|x64
		{84C4C6F2-AF1F-4D38-82DF-93F6ED73E1C0}.DebugXboxOne|x86.ActiveCfg = Debug|Win32
		{84C4C6F2-AF1F-4D38-82DF-93F6ED73E1C0}.DebugXboxOne|x86.Build.0 = Debug|Win32
		{84C4C6F2-AF1F-4D38-82DF-93F6ED73E1C0}.Profile|ARM.ActiveCfg = Release|Win32
		{84C4C6F2-AF1F-4D38-82DF-93F6ED73E1C0}.Profile|ARM.Build.0 = Release|Win32
		{84C4C6F2-AF1F-4D38-82DF-93F6ED73E1C0}.Profile|x64.ActiveCfg = Release|x64
		{84C4C6F2-AF1F-4D38-82DF-93F6ED73E1C0}.Profile|x64.Build.0 = Release|x64
		{84C4C6F2-AF1F-4D38-82DF-93F6ED73E1C0}.Profile|x86.ActiveCfg = Release|Win32
		{84C4C6F2-AF1F-4D38-82DF-93F6ED73E1C0}.Profile|x86.Build.0 = Release|Win32
		{84C4C6F2-AF1F-4D38-82DF-93F6ED73E1C0}.Release|ARM.ActiveCfg = Release|Win32
		{84C4C6F2-AF1F-4D38-82DF-93F6ED73E1C0}.Release|x64.ActiveCfg = Release|x64
		{84C4C6F2-AF1F-4D38-82DF-93F6ED73E1C0}.Release|x64.Build.0 = Release|x64
		{84C4C6F2-AF1F-4D38-82DF-93F6ED73E1C0}.Release|x86.ActiveCfg = Release|Win32
		{84C4C6F2-AF1F-4D38-82DF-93F6ED73E1C0}.Release|x86.Build.0 = Release|Win32
		{84C4C6F2-AF1F-4D38-82DF-93F6ED73E1C0}.ReleaseXboxOne|ARM.ActiveCfg = Release|x64
		{84C4C6F2-AF1F-4D38-82DF-93F6ED73E1C0}.ReleaseXboxOne|ARM.Build.0 = Release|x64
		{84C4C6F2-AF1F-4D38-82DF-93F6ED73E1C0}.ReleaseXboxOne|x64.ActiveCfg = Release|x64
		{84C4C6F2-AF1F-4D38-82DF-93F6ED73E1C0}.ReleaseXboxOne|x64.Build.0 = Release|x64
		{84C4C6F2-AF1F-4D38-82DF-93F6ED73E1C0}.ReleaseXboxOne|x86.ActiveCfg = Release|Win32
		{84C4C6F2-AF1F-4D38-82DF-93F6ED73E1C0}.ReleaseXboxOne|x86.Build.0 = Release|Win32
		{BA8DA825-3F9B-402D-A53B-10BFB7DF8219}.Debug|ARM.ActiveCfg = Debug|Win32
		{BA8DA825-3F9B-402D-A53B-10BFB7DF8219}.Debug|x64.ActiveCfg = Debug|x64
		{BA8DA825-3F9B-402D-A53B-10BFB7DF8219}.Debug|x64.Build.0 = Debug|x64
		{BA8DA825-3F9B-402D-A53B-10BFB7DF8219}.Debug|x86.ActiveCfg = Debug|Win32
		{BA8DA825-3F9B-402D-A53B-10BFB7DF8219}.Debug|x86.Build.0 = Debug|Win32
		{BA8DA825-3F9B-402D-A53B-10BFB7DF8219}.DebugProfiling|ARM.ActiveCfg = DebugProfiling|Win32
		{BA8DA825-3F9B-402D-A53B-10BFB7DF8219}.DebugProfiling|x64.ActiveCfg = DebugProfiling|x64
		{BA8DA825-3F9B-402D-A53B-10BFB7DF8219}.DebugProfiling|x64.Build.0 = DebugProfiling|x64
		{BA8DA825-3F9B-402D-A53B-10BFB7DF8219}.DebugProfiling|x86.ActiveCfg = DebugProfiling|Win32
		{BA8DA825-3F9B-402D-A53B-10BFB7DF8219}.DebugProfiling|x86.Build.0 = DebugProfiling|Win32
		{BA8DA825-3F9B-402D-A53B-10BFB7DF8219}.DebugXboxOne|ARM.ActiveCfg = Release|x64
		{BA8DA825-3F9B-402D-A53B-10BFB7DF8219}.DebugXboxOne|ARM.Build.0 = Release|x64
		{BA8DA825-3F9B-402D-A53B-10BFB7DF8219}.DebugXboxOne|x64.ActiveCfg = Debug|x64
		{BA8DA825-3F9B-402D-A53B-10BFB7DF8219}.DebugXboxOne|x64.Build.0 = Debug|x64
		{BA8DA825-3F9B-402D-A53B-10BFB7DF8219}.DebugXboxOne|x86.ActiveCfg = Debug|Win32
		{BA8DA825-3F9B-402D-A53B-10BFB7DF8219}.DebugXboxOne|x86.Build.0 = Debug|Win32
		{BA8DA825-3F9B-402D-A53B-10BFB7DF8219}.Profile|ARM.ActiveCfg = Release|Win32
		{BA8DA825-3F9B-402D-A53B-10BFB7DF8219}.Profile|ARM.Build.0 = Release|Win32
		{BA8DA825-3F9B-402D-A53B-10BFB7DF8219}.Profile|x64.ActiveCfg = Release|x64
		{BA8DA825-3F9B-402D-A53B-10BFB7DF8219}.Profile|x64.Build.0 = Release|x64
		{BA8DA825-3F9B-402D-A53B-10BFB7DF8219}.Profile|x86.ActiveCfg = Release|Win32
		{BA8DA825-3F9B-402D-A53B-10BFB7DF8219}.Profile|x86.Build.0 = Release|Win32
		{BA8DA825-3F9B-402D-A53B-10BFB7DF8219}.Release|ARM.ActiveCfg = Release|Win32
		{BA8DA825-3F9B-402D-A53B-10BFB7DF8219}.Release|x64.ActiveCfg = Release|x64
		{BA8DA825-3F9B-402D-A53B-10BFB7DF8219}.Release|x64.Build.0 = Release|x64
		{BA8DA825-3F9B-402D-A53B-10BFB7DF8219}.Release|x86.ActiveCfg = Release|Win32
		{BA8DA825-3F9B-402D-A53B-10BFB7DF8219}.Release|x86.Build.0 = Release|Win32
		{BA8DA825-3F9B-402D-A53B-10BFB7DF8219}.ReleaseXboxOne|ARM.ActiveCfg = Release|x64
		{BA8DA825-3F9B-402D-A53B-10BFB7DF8219}.ReleaseXboxOne|ARM.Build.0 = Release|x64
		{BA8DA825-3F9B-402D-A53B-10BFB7DF8219}.ReleaseXboxOne|x64.ActiveCfg = Release|x64
		{BA8DA825-3F9B-402D-A53B-10BFB7DF8219}.ReleaseXboxOne|x64.Build.0 = Release|x64
		{BA8DA825-3F9B-402D-A53B-10BFB7DF8219}.ReleaseXboxOne|x86.ActiveCfg = Release|Win32
		{BA8DA825-3F9B-402D-A53B-10BFB7DF8219}.ReleaseXboxOne|x86.Build.0 = Release|Win32
		{371B9FA9-4C90-4AC6-A123-ACED756D6C77}.Debug|ARM.ActiveCfg = Debug|Win32
		{371B9FA9-4C90-4AC6-A123-ACED756D6C77}.Debug|x64.ActiveCfg = Debug|x64
		{371B9FA9-4C90-4AC6-A123-ACED756D6C77}.Debug|x64.Build.0 = Debug|x64
		{371B9FA9-4C90-4AC6-A123-ACED756D6C77}.Debug|x86.ActiveCfg = Debug|Win32
		{371B9FA9-4C90-4AC6-A123-ACED756D6C77}.Debug|x86.Build.0 = Debug|Win32
		{371B9FA9-4C90-4AC6-A123-ACED756D6C77}.DebugProfiling|ARM.ActiveCfg = DebugProfiling|Win32
		{371B9FA9-4C90-4AC6-A123-ACED756D6C77}.DebugProfiling|x64.ActiveCfg = DebugProfiling|x64
		{371B9FA9-4C90-4AC6-A123-ACED756D6C77}.DebugProfiling|x64.Build.0 = DebugProfiling|x64
		{371B9FA9-4C90-4AC6-A123-ACED756D6C77}.DebugProfiling|x86.ActiveCfg = DebugProfiling|Win32
		{371B9FA9-4C90-4AC6-A123-ACED756D6C77}.DebugProfiling|x86.Build.0 = DebugProfiling|Win32
		{371B9FA9-4C90-4AC6-A123-ACED756D6C77}.DebugXboxOne|ARM.ActiveCfg = Release|x64
		{371B9FA9-4C90-4AC6-A123-ACED756D6C77}.DebugXboxOne|ARM.Build.0 = Release|x64
		{371B9FA9-4C90-4AC6-A123-ACED756D6C77}.DebugXboxOne|x64.ActiveCfg = Debug|x64
		{371B9FA9-4C90-4AC6-A123-ACED756D6C77}.DebugXboxOne|x64.Build.0 = Debug|x64
		{371B9FA9-4C90-4AC6-A123-ACED756D6C77}.DebugXboxOne|x86.ActiveCfg = Debug|Win32
		{371B9FA9-4C90-4AC6-A123-ACED756D6C77}.DebugXboxOne|x86.Build.0 = Debug|Win32
		{371B9FA9-4C90-4AC6-A123-ACED756D6C77}.Profile|ARM.ActiveCfg = Profile|Win32
		{371B9FA9-4C90-4AC6-A123-ACED756D6C77}.Profile|x64.ActiveCfg = Profile|x64
		{371B9FA9-4C90-4AC6-A123-ACED756D6C77}.Profile|x64.Build.0 = Profile|x64
		{371B9FA9-4C90-4AC6-A123-ACED756D6C77}.Profile|x86.ActiveCfg = Profile|Win32
		{371B9FA9-4C90-4AC6-A123-ACED756D6C77}.Profile|x86.Build.0 = Profile|Win32
		{371B9FA9-4C90-4AC6-A123-ACED756D6C77}.Release|ARM.ActiveCfg = Release|Win32
		{371B9FA9-4C90-4AC6-A123-ACED756D6C77}.Release|x64.ActiveCfg = Release|x64
		{371B9FA9-4C90-4AC6-A123-ACED756D6C77}.Release|x64.Build.0 = Release|x64
		{371B9FA9-4C90-4AC6-A123-ACED756D6C77}.Release|x86.ActiveCfg = Release|Win32
		{371B9FA9-4C90-4AC6-A123-ACED756D6C77}.Release|x86.Build.0 = Release|Win32
		{371B9FA9-4C90-4AC6-A123-ACED756D6C77}.ReleaseXboxOne|ARM.ActiveCfg = Release|x64
		{371B9FA9-4C90-4AC6-A123-ACED756D6C77}.ReleaseXboxOne|ARM.Build.0 = Release|x64
		{371B9FA9-4C90-4AC6-A123-ACED756D6C77}.ReleaseXboxOne|x64.ActiveCfg = Release|x64
		{371B9FA9-4C90-4AC6-A123-ACED756D6C77}.ReleaseXboxOne|x64.Build.0 = Release|x64
		{371B9FA9-4C90-4AC6-A123-ACED756D6C77}.ReleaseXboxOne|x86.ActiveCfg = Release|Win32
		{371B9FA9-4C90-4AC6-A123-ACED756D6C77}.ReleaseXboxOne|x86.Build.0 = Release|Win32
		{FB3F52B5-BFE8-43FD-836F-363735DAB738}.Debug|ARM.ActiveCfg = Debug|ARM
		{FB3F52B5-BFE8-43FD-836F-363735DAB738}.Debug|ARM.Build.0 = Debug|ARM
		{FB3F52B5-BFE8-43FD-836F-363735DAB738}.Debug|x64.ActiveCfg = Debug|x64
		{FB3F52B5-BFE8-43FD-836F-363735DAB738}.Debug|x64.Build.0 = Debug|x64
		{FB3F52B5-BFE8-43FD-836F-363735DAB738}.Debug|x86.ActiveCfg = Debug|Win32
		{FB3F52B5-BFE8-43FD-836F-363735DAB738}.Debug|x86.Build.0 = Debug|Win32
		{FB3F52B5-BFE8-43FD-836F-363735DAB738}.DebugProfiling|ARM.ActiveCfg = DebugProfiling|ARM
		{FB3F52B5-BFE8-43FD-836F-363735DAB738}.DebugProfiling|ARM.Build.0 = DebugProfiling|ARM
		{FB3F52B5-BFE8-43FD-836F-363735DAB738}.DebugProfiling|x64.ActiveCfg = DebugProfiling|x64
		{FB3F52B5-BFE8-43FD-836F-363735DAB738}.DebugProfiling|x64.Build.0 = DebugProfiling|x64
		{FB3F52B5-BFE8-43FD-836F-363735DAB738}.DebugProfiling|x86.ActiveCfg = DebugProfiling|Win32
		{FB3F52B5-BFE8-43FD-836F-363735DAB738}.DebugProfiling|x86.Build.0 = DebugProfiling|Win32
		{FB3F52B5-BFE8-43FD-836F-363735DAB738}.DebugXboxOne|ARM.ActiveCfg = Debug|ARM
		{FB3F52B5-BFE8-43FD-836F-363735DAB738}.DebugXboxOne|ARM.Build.0 = Debug|ARM
		{FB3F52B5-BFE8-43FD-836F-363735DAB738}.DebugXboxOne|x64.ActiveCfg = Debug|x64
		{FB3F52B5-BFE8-43FD-836F-363735DAB738}.DebugXboxOne|x64.Build.0 = Debug|x64
		{FB3F52B5-BFE8-43FD-836F-363735DAB738}.DebugXboxOne|x86.ActiveCfg = Debug|Win32
		{FB3F52B5-BFE8-43FD-836F-363735DAB738}.DebugXboxOne|x86.Build.0 = Debug|Win32
		{FB3F52B5-BFE8-43FD-836F-363735DAB738}.Profile|ARM.ActiveCfg = Release|ARM
		{FB3F52B5-BFE8-43FD-836F-363735DAB738}.Profile|ARM.Build.0 = Release|ARM
		{FB3F52B5-BFE8-43FD-836F-363735DAB738}.Profile|x64.ActiveCfg = Release|x64
		{FB3F52B5-BFE8-43FD-836F-363735DAB738}.Profile|x64.Build.0 = Release|x64
		{FB3F52B5-BFE8-43FD-836F-363735DAB738}.Profile|x86.ActiveCfg = Release|Win32
		{FB3F52B5-BFE8-43FD-836F-363735DAB738}.Profile|x86.Build.0 = Release|Win32
		{FB3F52B5-BFE8-43FD-836F-363735DAB738}.Release|ARM.ActiveCfg = Release|ARM
		{FB3F52B5-BFE8-43FD-836F-363735DAB738}.Release|ARM.Build.0 = Release|ARM
		{FB3F52B5-BFE8-43FD-836F-363735DAB738}.Release|x64.ActiveCfg = Release|x64
		{FB3F52B5-BFE8-43FD-836F-363735DAB738}.Release|x64.Build.0 = Release|x64
		{FB3F52B5-BFE8-43FD-836F-363735DAB738}.Release|x86.ActiveCfg = Release|Win32
		{FB3F52B5-BFE8-43FD-836F-363735DAB738}.Release|x86.Build.0 = Release|Win32
		{FB3F52B5-BFE8-43FD-836F-363735DAB738}.ReleaseXboxOne|ARM.ActiveCfg = Release|ARM
		{FB3F52B5-BFE8-43FD-836F-363735DAB738}.ReleaseXboxOne|ARM.Build.0 = Release|ARM
		{FB3F52B5-BFE8-43FD-836F-363735DAB738}.ReleaseXboxOne|x64.ActiveCfg = Release|x64
		{FB3F52B5-BFE8-43FD-836F-363735DAB738}.ReleaseXboxOne|x64.Build.0 = Release|x64
		{FB3F52B5-BFE8-43FD-836F-363735DAB738}.ReleaseXboxOne|x86.ActiveCfg = Release|Win32
		{FB3F52B5-BFE8-43FD-836F-363735DAB738}.ReleaseXboxOne|x86.Build.0 = Release|Win32
		{3E5BB08C-0A21-460B-892E-9775D954FC1F}.Debug|ARM.ActiveCfg = Debug|ARM
		{3E5BB08C-0A21-460B-892E-9775D954FC1F}.Debug|ARM.Build.0 = Debug|ARM
		{3E5BB08C-0A21-460B-892E-9775D954FC1F}.Debug|x64.ActiveCfg = Debug|x64
		{3E5BB08C-0A21-460B-892E-9775D954FC1F}.Debug|x64.Build.0 = Debug|x64
		{3E5BB08C-0A21-460B-892E-9775D954FC1F}.Debug|x86.ActiveCfg = Debug|Win32
		{3E5BB08C-0A21-460B-892E-9775D954FC1F}.Debug|x86.Build.0 = Debug|Win32
		{3E5BB08C-0A21-460B-892E-9775D954FC1F}.DebugProfiling|ARM.ActiveCfg = DebugProfiling|ARM
		{3E5BB08C-0A21-460B-892E-9775D954FC1F}.DebugProfiling|ARM.Build.0 = DebugProfiling|ARM
		{3E5BB08C-0A21-460B-892E-9775D954FC1F}.DebugProfiling|x64.ActiveCfg = DebugProfiling|x64
		{3E5BB08C-0A21-460B-892E-9775D954FC1F}.DebugProfiling|x64.Build.0 = DebugProfiling|x64
		{3E5BB08C-0A21-460B-892E-9775D954FC1F}.DebugProfiling|x86.ActiveCfg = DebugProfiling|Win32
		{3E5BB08C-0A21-460B-892E-9775D954FC1F}.DebugProfiling|x86.Build.0 = DebugProfiling|Win32
		{3E5BB08C-0A21-460B-892E-9775D954FC1F}.DebugXboxOne|ARM.ActiveCfg = Debug|ARM
		{3E5BB08C-0A21-460B-892E-9775D954FC1F}.DebugXboxOne|ARM.Build.0 = Debug|ARM
		{3E5BB08C-0A21-460B-892E-9775D954FC1F}.DebugXboxOne|x64.ActiveCfg = Debug|x64
		{3E5BB08C-0A21-460B-892E-9775D954FC1F}.DebugXboxOne|x64.Build.0 = Debug|x64
		{3E5BB08C-0A21-460B-892E-9775D954FC1F}.DebugXboxOne|x86.ActiveCfg = Debug|Win32
		{3E5BB08C-0A21-460B-892E-9775D954FC1F}.DebugXboxOne|x86.Build.0 = Debug|Win32
		{3E5BB08C-0A21-460B-892E-9775D954FC1F}.Profile|ARM.ActiveCfg = Release|ARM
		{3E5BB08C-0A21-460B-892E-9775D954FC1F}.Profile|ARM.Build.0 = Release|ARM
		{3E5BB08C-0A21-460B-892E-9775D954FC1F}.Profile|x64.ActiveCfg = Release|x64
		{3E5BB08C-0A21-460B-892E-9775D954FC1F}.Profile|x64.Build.0 = Release|x64
		{3E5BB08C-0A21-460B-892E-9775D954FC1F}.Profile|x86.ActiveCfg = Release|Win32
		{3E5BB08C-0A21-460B-892E-9775D954FC1F}.Profile|x86.Build.0 = Release|Win32
		{3E5BB08C-0A21-460B-892E-9775D954FC1F}.Release|ARM.ActiveCfg = Release|ARM
		{3E5BB08C-0A21-460B-892E-9775D954FC1F}.Release|ARM.Build.0 = Release|ARM
		{3E5BB08C-0A21-460B-892E-9775D954FC1F}.Release|x64.ActiveCfg = Release|x64
		{3E5BB08C-0A21-460B-892E-9775D954FC1F}.Release|x64.Build.0 = Release|x64
		{3E5BB08C-0A21-460B-892E-9775D954FC1F}.Release|x86.ActiveCfg = Release|Win32
		{3E5BB08C-0A21-460B-892E-9775D954FC1F}.Release|x86.Build.0 = Release|Win32
		{3E5BB08C-0A21-460B-892E-9775D954FC1F}.ReleaseXboxOne|ARM.ActiveCfg = Release|ARM
		{3E5BB08C-0A21-460B-892E-9775D954FC1F}.ReleaseXboxOne|ARM.Build.0 = Release|ARM
		{3E5BB08C-0A21-460B-892E-9775D954FC1F}.ReleaseXboxOne|x64.ActiveCfg = Release|x64
		{3E5BB08C-0A21-460B-892E-9775D954FC1F}.ReleaseXboxOne|x64.Build.0 = Release|x64
		{3E5BB08C-0A21-460B-892E-9775D954FC1F}.ReleaseXboxOne|x86.ActiveCfg = Release|Win32
		{3E5BB08C-0A21-460B-892E-9775D954FC1F}.ReleaseXboxOne|x86.Build.0 = Release|Win32
		{5681B43C-F743-40FE-B6EE-D27FA8DE1E67}.Debug|ARM.ActiveCfg = Debug|ARM
		{5681B43C-F743-40FE-B6EE-D27FA8DE1E67}.Debug|ARM.Build.0 = Debug|ARM
		{5681B43C-F743-40FE-B6EE-D27FA8DE1E67}.Debug|x64.ActiveCfg = Debug|x64
		{5681B43C-F743-40FE-B6EE-D27FA8DE1E67}.Debug|x64.Build.0 = Debug|x64
		{5681B43C-F743-40FE-B6EE-D27FA8DE1E67}.Debug|x86.ActiveCfg = Debug|Win32
		{5681B43C-F743-40FE-B6EE-D27FA8DE1E67}.Debug|x86.Build.0 = Debug|Win32
		{5681B43C-F743-40FE-B6EE-D27FA8DE1E67}.DebugProfiling|ARM.ActiveCfg = Debug|ARM
		{5681B43C-F743-40FE-B6EE-D27FA8DE1E67}.DebugProfiling|ARM.Build.0 = Debug|ARM
		{5681B43C-F743-40FE-B6EE-D27FA8DE1E67}.DebugProfiling|x64.ActiveCfg = Debug|x64
		{5681B43C-F743-40FE-B6EE-D27FA8DE1E67}.DebugProfiling|x64.Build.0 = Debug|x64
		{5681B43C-F743-40FE-B6EE-D27FA8DE1E67}.DebugProfiling|x86.ActiveCfg = Debug|Win32
		{5681B43C-F743-40FE-B6EE-D27FA8DE1E67}.DebugProfiling|x86.Build.0 = Debug|Win32
		{5681B43C-F743-40FE-B6EE-D27FA8DE1E67}.DebugXboxOne|ARM.ActiveCfg = Debug|ARM
		{5681B43C-F743-40FE-B6EE-D27FA8DE1E67}.DebugXboxOne|ARM.Build.0 = Debug|ARM
		{5681B43C-F743-40FE-B6EE-D27FA8DE1E67}.DebugXboxOne|x64.ActiveCfg = Debug|x64
		{5681B43C-F743-40FE-B6EE-D27FA8DE1E67}.DebugXboxOne|x64.Build.0 = Debug|x64
		{5681B43C-F743-40FE-B6EE-D27FA8DE1E67}.DebugXboxOne|x86.ActiveCfg = Debug|Win32
		{5681B43C-F743-40FE-B6EE-D27FA8DE1E67}.DebugXboxOne|x86.Build.0 = Debug|Win32
		{5681B43C-F743-40FE-B6EE-D27FA8DE1E67}.Profile|ARM.ActiveCfg = Release|ARM
		{5681B43C-F743-40FE-B6EE-D27FA8DE1E67}.Profile|ARM.Build.0 = Release|ARM
		{5681B43C-F743-40FE-B6EE-D27FA8DE1E67}.Profile|x64.ActiveCfg = Release|x64
		{5681B43C-F743-40FE-B6EE-D27FA8DE1E67}.Profile|x64.Build.0 = Release|x64
		{5681B43C-F743-40FE-B6EE-D27FA8DE1E67}.Profile|x86.ActiveCfg = Release|Win32
		{5681B43C-F743-40FE-B6EE-D27FA8DE1E67}.Profile|x86.Build.0 = Release|Win32
		{5681B43C-F743-40FE-B6EE-D27FA8DE1E67}.Release|ARM.ActiveCfg = Release|ARM
		{5681B43C-F743-40FE-B6EE-D27FA8DE1E67}.Release|ARM.Build.0 = Release|ARM
		{5681B43C-F743-40FE-B6EE-D27FA8DE1E67}.Release|x64.ActiveCfg = Release|x64
		{5681B43C-F743-40FE-B6EE-D27FA8DE1E67}.Release|x64.Build.0 = Release|x64
		{5681B43C-F743-40FE-B6EE-D27FA8DE1E67}.Release|x86.ActiveCfg = Release|Win32
		{5681B43C-F743-40FE-B6EE-D27FA8DE1E67}.Release|x86.Build.0 = Release|Win32
		{5681B43C-F743-40FE-B6EE-D27FA8DE1E67}.ReleaseXboxOne|ARM.ActiveCfg = Release|ARM
		{5681B43C-F743-40FE-B6EE-D27FA8DE1E67}.ReleaseXboxOne|ARM.Build.0 = Release|ARM
		{5681B43C-F743-40FE-B6EE-D27FA8DE1E67}.ReleaseXboxOne|x64.ActiveCfg = Release|x64
		{5681B43C-F743-40FE-B6EE-D27FA8DE1E67}.ReleaseXboxOne|x64.Build.0 = Release|x64
		{5681B43C-F743-40FE-B6EE-D27FA8DE1E67}.ReleaseXboxOne|x86.ActiveCfg = Release|Win32
		{5681B43C-F743-40FE-B6EE-D27FA8DE1E67}.ReleaseXboxOne|x86.Build.0 = Release|Win32
	EndGlobalSection
	GlobalSection(SolutionProperties) = preSolution
		HideSolutionNode = FALSE
	EndGlobalSection
EndGlobal
