
Microsoft Visual Studio Solution File, Format Version 12.00
# Visual Studio 14
VisualStudioVersion = 14.0.25420.1
MinimumVisualStudioVersion = 10.0.40219.1
Project("{8BC9CEB8-8B4A-11D0-8D11-00A0C91BC942}") = "WindowsBootstrap", "BootstrapWin32\BootstarpWin32.vcxproj", "{BAB0D207-100D-41A8-A2B8-09BA3B30C404}"
	ProjectSection(ProjectDependencies) = postProject
		{E4F0ED81-E3A5-48F6-A9D9-87BA1D809203} = {E4F0ED81-E3A5-48F6-A9D9-87BA1D809203}
	EndProjectSection
EndProject
Project("{8BC9CEB8-8B4A-11D0-8D11-00A0C91BC942}") = "EngineWin32", "EngineWin32\EngineWin32.vcxproj", "{E4F0ED81-E3A5-48F6-A9D9-87BA1D809203}"
	ProjectSection(ProjectDependencies) = postProject
		{371B9FA9-4C90-4AC6-A123-ACED756D6C77} = {371B9FA9-4C90-4AC6-A123-ACED756D6C77}
		{84C4C6F2-AF1F-4D38-82DF-93F6ED73E1C0} = {84C4C6F2-AF1F-4D38-82DF-93F6ED73E1C0}
	EndProjectSection
EndProject
Project("{8BC9CEB8-8B4A-11D0-8D11-00A0C91BC942}") = "XboxOneMain", "XboxOneMain\XboxOneMain.vcxproj", "{18E0D1B7-9B66-4015-8451-44FE40F9EC85}"
EndProject
Project("{8BC9CEB8-8B4A-11D0-8D11-00A0C91BC942}") = "MUtilsUWP", "MathUWP\MathUWP.vcxproj", "{2425CB36-ACA8-4B2D-B90D-7C70F201CA29}"
EndProject
Project("{8BC9CEB8-8B4A-11D0-8D11-00A0C91BC942}") = "EngineUWP", "EngineUWP\EngineUWP.vcxproj", "{3821CC33-3FB4-4184-808B-5E62B317650D}"
EndProject
Project("{8BC9CEB8-8B4A-11D0-8D11-00A0C91BC942}") = "MUtilsTest", "MUtils\MUtilsTest\MUtilsTest.vcxproj", "{F52D6BB6-9133-472E-A35F-D1A562499F27}"
EndProject
Project("{8BC9CEB8-8B4A-11D0-8D11-00A0C91BC942}") = "MUtils", "MUtils\MUtils\MUtils.vcxproj", "{84C4C6F2-AF1F-4D38-82DF-93F6ED73E1C0}"
EndProject
Project("{8BC9CEB8-8B4A-11D0-8D11-00A0C91BC942}") = "EngineVita", "EngineVita\EngineVita.vcxproj", "{48CD8EAB-7B26-4265-849E-ED592CA3F5E6}"
EndProject
Project("{8BC9CEB8-8B4A-11D0-8D11-00A0C91BC942}") = "DirectXTexWin32", "DirectXTex\DirectXTex_Desktop_2015_Win10.vcxproj", "{371B9FA9-4C90-4AC6-A123-ACED756D6C77}"
EndProject
Project("{8BC9CEB8-8B4A-11D0-8D11-00A0C91BC942}") = "ApplicationTest", "ApplicationTest\ApplicationTest.vcxproj", "{19311D02-6100-4A40-B588-92230CE9115E}"
EndProject
Project("{8BC9CEB8-8B4A-11D0-8D11-00A0C91BC942}") = "BootstrapVita", "BootstrapVita\BootstrapVita.vcxproj", "{A6EE5F6D-55C5-4DF2-B15F-01774C7200F2}"
EndProject
Global
	GlobalSection(SolutionConfigurationPlatforms) = preSolution
		Debug|ARM = Debug|ARM
		Debug|PSVita = Debug|PSVita
		Debug|x64 = Debug|x64
		Debug|x86 = Debug|x86
		DebugProfiling|ARM = DebugProfiling|ARM
		DebugProfiling|PSVita = DebugProfiling|PSVita
		DebugProfiling|x64 = DebugProfiling|x64
		DebugProfiling|x86 = DebugProfiling|x86
		DebugXboxOne|ARM = DebugXboxOne|ARM
		DebugXboxOne|PSVita = DebugXboxOne|PSVita
		DebugXboxOne|x64 = DebugXboxOne|x64
		DebugXboxOne|x86 = DebugXboxOne|x86
		Profile|ARM = Profile|ARM
		Profile|PSVita = Profile|PSVita
		Profile|x64 = Profile|x64
		Profile|x86 = Profile|x86
		Release|ARM = Release|ARM
		Release|PSVita = Release|PSVita
		Release|x64 = Release|x64
		Release|x86 = Release|x86
		ReleaseXboxOne|ARM = ReleaseXboxOne|ARM
		ReleaseXboxOne|PSVita = ReleaseXboxOne|PSVita
		ReleaseXboxOne|x64 = ReleaseXboxOne|x64
		ReleaseXboxOne|x86 = ReleaseXboxOne|x86
	EndGlobalSection
	GlobalSection(ProjectConfigurationPlatforms) = postSolution
		{BAB0D207-100D-41A8-A2B8-09BA3B30C404}.Debug|ARM.ActiveCfg = Debug|Win32
		{BAB0D207-100D-41A8-A2B8-09BA3B30C404}.Debug|PSVita.ActiveCfg = Debug|Win32
		{BAB0D207-100D-41A8-A2B8-09BA3B30C404}.Debug|x64.ActiveCfg = Debug|x64
		{BAB0D207-100D-41A8-A2B8-09BA3B30C404}.Debug|x64.Build.0 = Debug|x64
		{BAB0D207-100D-41A8-A2B8-09BA3B30C404}.Debug|x86.ActiveCfg = Debug|Win32
		{BAB0D207-100D-41A8-A2B8-09BA3B30C404}.Debug|x86.Build.0 = Debug|Win32
		{BAB0D207-100D-41A8-A2B8-09BA3B30C404}.DebugProfiling|ARM.ActiveCfg = DebugProfiling|Win32
		{BAB0D207-100D-41A8-A2B8-09BA3B30C404}.DebugProfiling|PSVita.ActiveCfg = DebugProfiling|Win32
		{BAB0D207-100D-41A8-A2B8-09BA3B30C404}.DebugProfiling|x64.ActiveCfg = DebugProfiling|x64
		{BAB0D207-100D-41A8-A2B8-09BA3B30C404}.DebugProfiling|x64.Build.0 = DebugProfiling|x64
		{BAB0D207-100D-41A8-A2B8-09BA3B30C404}.DebugProfiling|x86.ActiveCfg = DebugProfiling|Win32
		{BAB0D207-100D-41A8-A2B8-09BA3B30C404}.DebugProfiling|x86.Build.0 = DebugProfiling|Win32
		{BAB0D207-100D-41A8-A2B8-09BA3B30C404}.DebugXboxOne|ARM.ActiveCfg = DebugXboxOne|Win32
		{BAB0D207-100D-41A8-A2B8-09BA3B30C404}.DebugXboxOne|PSVita.ActiveCfg = DebugXboxOne|Win32
		{BAB0D207-100D-41A8-A2B8-09BA3B30C404}.DebugXboxOne|x64.ActiveCfg = DebugXboxOne|x64
		{BAB0D207-100D-41A8-A2B8-09BA3B30C404}.DebugXboxOne|x64.Build.0 = DebugXboxOne|x64
		{BAB0D207-100D-41A8-A2B8-09BA3B30C404}.DebugXboxOne|x86.ActiveCfg = DebugXboxOne|Win32
		{BAB0D207-100D-41A8-A2B8-09BA3B30C404}.DebugXboxOne|x86.Build.0 = DebugXboxOne|Win32
		{BAB0D207-100D-41A8-A2B8-09BA3B30C404}.Profile|ARM.ActiveCfg = ReleaseXboxOne|x64
		{BAB0D207-100D-41A8-A2B8-09BA3B30C404}.Profile|ARM.Build.0 = ReleaseXboxOne|x64
		{BAB0D207-100D-41A8-A2B8-09BA3B30C404}.Profile|PSVita.ActiveCfg = Release|x64
		{BAB0D207-100D-41A8-A2B8-09BA3B30C404}.Profile|PSVita.Build.0 = Release|x64
		{BAB0D207-100D-41A8-A2B8-09BA3B30C404}.Profile|x64.ActiveCfg = ReleaseXboxOne|x64
		{BAB0D207-100D-41A8-A2B8-09BA3B30C404}.Profile|x64.Build.0 = ReleaseXboxOne|x64
		{BAB0D207-100D-41A8-A2B8-09BA3B30C404}.Profile|x86.ActiveCfg = ReleaseXboxOne|Win32
		{BAB0D207-100D-41A8-A2B8-09BA3B30C404}.Profile|x86.Build.0 = ReleaseXboxOne|Win32
		{BAB0D207-100D-41A8-A2B8-09BA3B30C404}.Release|ARM.ActiveCfg = Release|Win32
		{BAB0D207-100D-41A8-A2B8-09BA3B30C404}.Release|PSVita.ActiveCfg = Release|Win32
		{BAB0D207-100D-41A8-A2B8-09BA3B30C404}.Release|x64.ActiveCfg = Release|x64
		{BAB0D207-100D-41A8-A2B8-09BA3B30C404}.Release|x64.Build.0 = Release|x64
		{BAB0D207-100D-41A8-A2B8-09BA3B30C404}.Release|x86.ActiveCfg = Release|Win32
		{BAB0D207-100D-41A8-A2B8-09BA3B30C404}.Release|x86.Build.0 = Release|Win32
		{BAB0D207-100D-41A8-A2B8-09BA3B30C404}.ReleaseXboxOne|ARM.ActiveCfg = ReleaseXboxOne|Win32
		{BAB0D207-100D-41A8-A2B8-09BA3B30C404}.ReleaseXboxOne|PSVita.ActiveCfg = ReleaseXboxOne|Win32
		{BAB0D207-100D-41A8-A2B8-09BA3B30C404}.ReleaseXboxOne|x64.ActiveCfg = ReleaseXboxOne|x64
		{BAB0D207-100D-41A8-A2B8-09BA3B30C404}.ReleaseXboxOne|x64.Build.0 = ReleaseXboxOne|x64
		{BAB0D207-100D-41A8-A2B8-09BA3B30C404}.ReleaseXboxOne|x86.ActiveCfg = ReleaseXboxOne|Win32
		{BAB0D207-100D-41A8-A2B8-09BA3B30C404}.ReleaseXboxOne|x86.Build.0 = ReleaseXboxOne|Win32
		{E4F0ED81-E3A5-48F6-A9D9-87BA1D809203}.Debug|ARM.ActiveCfg = Debug|Win32
		{E4F0ED81-E3A5-48F6-A9D9-87BA1D809203}.Debug|PSVita.ActiveCfg = Debug|Win32
		{E4F0ED81-E3A5-48F6-A9D9-87BA1D809203}.Debug|x64.ActiveCfg = Debug|x64
		{E4F0ED81-E3A5-48F6-A9D9-87BA1D809203}.Debug|x64.Build.0 = Debug|x64
		{E4F0ED81-E3A5-48F6-A9D9-87BA1D809203}.Debug|x86.ActiveCfg = Debug|Win32
		{E4F0ED81-E3A5-48F6-A9D9-87BA1D809203}.Debug|x86.Build.0 = Debug|Win32
		{E4F0ED81-E3A5-48F6-A9D9-87BA1D809203}.DebugProfiling|ARM.ActiveCfg = DebugProfiling|Win32
		{E4F0ED81-E3A5-48F6-A9D9-87BA1D809203}.DebugProfiling|PSVita.ActiveCfg = DebugProfiling|Win32
		{E4F0ED81-E3A5-48F6-A9D9-87BA1D809203}.DebugProfiling|x64.ActiveCfg = DebugProfiling|x64
		{E4F0ED81-E3A5-48F6-A9D9-87BA1D809203}.DebugProfiling|x64.Build.0 = DebugProfiling|x64
		{E4F0ED81-E3A5-48F6-A9D9-87BA1D809203}.DebugProfiling|x86.ActiveCfg = DebugProfiling|Win32
		{E4F0ED81-E3A5-48F6-A9D9-87BA1D809203}.DebugProfiling|x86.Build.0 = DebugProfiling|Win32
		{E4F0ED81-E3A5-48F6-A9D9-87BA1D809203}.DebugXboxOne|ARM.ActiveCfg = DebugXboxOne|Win32
		{E4F0ED81-E3A5-48F6-A9D9-87BA1D809203}.DebugXboxOne|PSVita.ActiveCfg = DebugXboxOne|Win32
		{E4F0ED81-E3A5-48F6-A9D9-87BA1D809203}.DebugXboxOne|x64.ActiveCfg = DebugXboxOne|x64
		{E4F0ED81-E3A5-48F6-A9D9-87BA1D809203}.DebugXboxOne|x64.Build.0 = DebugXboxOne|x64
		{E4F0ED81-E3A5-48F6-A9D9-87BA1D809203}.DebugXboxOne|x86.ActiveCfg = DebugXboxOne|Win32
		{E4F0ED81-E3A5-48F6-A9D9-87BA1D809203}.DebugXboxOne|x86.Build.0 = DebugXboxOne|Win32
		{E4F0ED81-E3A5-48F6-A9D9-87BA1D809203}.Profile|ARM.ActiveCfg = ReleaseXboxOne|x64
		{E4F0ED81-E3A5-48F6-A9D9-87BA1D809203}.Profile|ARM.Build.0 = ReleaseXboxOne|x64
		{E4F0ED81-E3A5-48F6-A9D9-87BA1D809203}.Profile|PSVita.ActiveCfg = Release|x64
		{E4F0ED81-E3A5-48F6-A9D9-87BA1D809203}.Profile|PSVita.Build.0 = Release|x64
		{E4F0ED81-E3A5-48F6-A9D9-87BA1D809203}.Profile|x64.ActiveCfg = ReleaseXboxOne|x64
		{E4F0ED81-E3A5-48F6-A9D9-87BA1D809203}.Profile|x64.Build.0 = ReleaseXboxOne|x64
		{E4F0ED81-E3A5-48F6-A9D9-87BA1D809203}.Profile|x86.ActiveCfg = ReleaseXboxOne|Win32
		{E4F0ED81-E3A5-48F6-A9D9-87BA1D809203}.Profile|x86.Build.0 = ReleaseXboxOne|Win32
		{E4F0ED81-E3A5-48F6-A9D9-87BA1D809203}.Release|ARM.ActiveCfg = Release|Win32
		{E4F0ED81-E3A5-48F6-A9D9-87BA1D809203}.Release|PSVita.ActiveCfg = Release|Win32
		{E4F0ED81-E3A5-48F6-A9D9-87BA1D809203}.Release|x64.ActiveCfg = Release|x64
		{E4F0ED81-E3A5-48F6-A9D9-87BA1D809203}.Release|x64.Build.0 = Release|x64
		{E4F0ED81-E3A5-48F6-A9D9-87BA1D809203}.Release|x86.ActiveCfg = Release|Win32
		{E4F0ED81-E3A5-48F6-A9D9-87BA1D809203}.Release|x86.Build.0 = Release|Win32
		{E4F0ED81-E3A5-48F6-A9D9-87BA1D809203}.ReleaseXboxOne|ARM.ActiveCfg = ReleaseXboxOne|Win32
		{E4F0ED81-E3A5-48F6-A9D9-87BA1D809203}.ReleaseXboxOne|PSVita.ActiveCfg = ReleaseXboxOne|Win32
		{E4F0ED81-E3A5-48F6-A9D9-87BA1D809203}.ReleaseXboxOne|x64.ActiveCfg = ReleaseXboxOne|x64
		{E4F0ED81-E3A5-48F6-A9D9-87BA1D809203}.ReleaseXboxOne|x64.Build.0 = ReleaseXboxOne|x64
		{E4F0ED81-E3A5-48F6-A9D9-87BA1D809203}.ReleaseXboxOne|x86.ActiveCfg = ReleaseXboxOne|Win32
		{E4F0ED81-E3A5-48F6-A9D9-87BA1D809203}.ReleaseXboxOne|x86.Build.0 = ReleaseXboxOne|Win32
		{18E0D1B7-9B66-4015-8451-44FE40F9EC85}.Debug|ARM.ActiveCfg = Debug|ARM
		{18E0D1B7-9B66-4015-8451-44FE40F9EC85}.Debug|ARM.Build.0 = Debug|ARM
		{18E0D1B7-9B66-4015-8451-44FE40F9EC85}.Debug|ARM.Deploy.0 = Debug|ARM
		{18E0D1B7-9B66-4015-8451-44FE40F9EC85}.Debug|PSVita.ActiveCfg = Debug|Win32
		{18E0D1B7-9B66-4015-8451-44FE40F9EC85}.Debug|x64.ActiveCfg = Debug|x64
		{18E0D1B7-9B66-4015-8451-44FE40F9EC85}.Debug|x64.Build.0 = Debug|x64
		{18E0D1B7-9B66-4015-8451-44FE40F9EC85}.Debug|x64.Deploy.0 = Debug|x64
		{18E0D1B7-9B66-4015-8451-44FE40F9EC85}.Debug|x86.ActiveCfg = Debug|Win32
		{18E0D1B7-9B66-4015-8451-44FE40F9EC85}.Debug|x86.Build.0 = Debug|Win32
		{18E0D1B7-9B66-4015-8451-44FE40F9EC85}.Debug|x86.Deploy.0 = Debug|Win32
		{18E0D1B7-9B66-4015-8451-44FE40F9EC85}.DebugProfiling|ARM.ActiveCfg = DebugProfiling|ARM
		{18E0D1B7-9B66-4015-8451-44FE40F9EC85}.DebugProfiling|ARM.Build.0 = DebugProfiling|ARM
		{18E0D1B7-9B66-4015-8451-44FE40F9EC85}.DebugProfiling|ARM.Deploy.0 = DebugProfiling|ARM
		{18E0D1B7-9B66-4015-8451-44FE40F9EC85}.DebugProfiling|PSVita.ActiveCfg = DebugProfiling|Win32
		{18E0D1B7-9B66-4015-8451-44FE40F9EC85}.DebugProfiling|x64.ActiveCfg = DebugProfiling|x64
		{18E0D1B7-9B66-4015-8451-44FE40F9EC85}.DebugProfiling|x64.Build.0 = DebugProfiling|x64
		{18E0D1B7-9B66-4015-8451-44FE40F9EC85}.DebugProfiling|x64.Deploy.0 = DebugProfiling|x64
		{18E0D1B7-9B66-4015-8451-44FE40F9EC85}.DebugProfiling|x86.ActiveCfg = DebugProfiling|Win32
		{18E0D1B7-9B66-4015-8451-44FE40F9EC85}.DebugProfiling|x86.Build.0 = DebugProfiling|Win32
		{18E0D1B7-9B66-4015-8451-44FE40F9EC85}.DebugProfiling|x86.Deploy.0 = DebugProfiling|Win32
		{18E0D1B7-9B66-4015-8451-44FE40F9EC85}.DebugXboxOne|ARM.ActiveCfg = DebugXboxOne|ARM
		{18E0D1B7-9B66-4015-8451-44FE40F9EC85}.DebugXboxOne|ARM.Build.0 = DebugXboxOne|ARM
		{18E0D1B7-9B66-4015-8451-44FE40F9EC85}.DebugXboxOne|ARM.Deploy.0 = DebugXboxOne|ARM
		{18E0D1B7-9B66-4015-8451-44FE40F9EC85}.DebugXboxOne|PSVita.ActiveCfg = DebugXboxOne|Win32
		{18E0D1B7-9B66-4015-8451-44FE40F9EC85}.DebugXboxOne|x64.ActiveCfg = DebugXboxOne|x64
		{18E0D1B7-9B66-4015-8451-44FE40F9EC85}.DebugXboxOne|x64.Build.0 = DebugXboxOne|x64
		{18E0D1B7-9B66-4015-8451-44FE40F9EC85}.DebugXboxOne|x64.Deploy.0 = DebugXboxOne|x64
		{18E0D1B7-9B66-4015-8451-44FE40F9EC85}.DebugXboxOne|x86.ActiveCfg = DebugXboxOne|Win32
		{18E0D1B7-9B66-4015-8451-44FE40F9EC85}.DebugXboxOne|x86.Build.0 = DebugXboxOne|Win32
		{18E0D1B7-9B66-4015-8451-44FE40F9EC85}.DebugXboxOne|x86.Deploy.0 = DebugXboxOne|Win32
		{18E0D1B7-9B66-4015-8451-44FE40F9EC85}.Profile|ARM.ActiveCfg = ReleaseXboxOne|ARM
		{18E0D1B7-9B66-4015-8451-44FE40F9EC85}.Profile|ARM.Build.0 = ReleaseXboxOne|ARM
		{18E0D1B7-9B66-4015-8451-44FE40F9EC85}.Profile|ARM.Deploy.0 = ReleaseXboxOne|ARM
		{18E0D1B7-9B66-4015-8451-44FE40F9EC85}.Profile|PSVita.ActiveCfg = Release|Win32
		{18E0D1B7-9B66-4015-8451-44FE40F9EC85}.Profile|PSVita.Build.0 = Release|Win32
		{18E0D1B7-9B66-4015-8451-44FE40F9EC85}.Profile|PSVita.Deploy.0 = Release|Win32
		{18E0D1B7-9B66-4015-8451-44FE40F9EC85}.Profile|x64.ActiveCfg = ReleaseXboxOne|x64
		{18E0D1B7-9B66-4015-8451-44FE40F9EC85}.Profile|x64.Build.0 = ReleaseXboxOne|x64
		{18E0D1B7-9B66-4015-8451-44FE40F9EC85}.Profile|x64.Deploy.0 = ReleaseXboxOne|x64
		{18E0D1B7-9B66-4015-8451-44FE40F9EC85}.Profile|x86.ActiveCfg = ReleaseXboxOne|Win32
		{18E0D1B7-9B66-4015-8451-44FE40F9EC85}.Profile|x86.Build.0 = ReleaseXboxOne|Win32
		{18E0D1B7-9B66-4015-8451-44FE40F9EC85}.Profile|x86.Deploy.0 = ReleaseXboxOne|Win32
		{18E0D1B7-9B66-4015-8451-44FE40F9EC85}.Release|ARM.ActiveCfg = Release|ARM
		{18E0D1B7-9B66-4015-8451-44FE40F9EC85}.Release|ARM.Build.0 = Release|ARM
		{18E0D1B7-9B66-4015-8451-44FE40F9EC85}.Release|ARM.Deploy.0 = Release|ARM
		{18E0D1B7-9B66-4015-8451-44FE40F9EC85}.Release|PSVita.ActiveCfg = Release|Win32
		{18E0D1B7-9B66-4015-8451-44FE40F9EC85}.Release|x64.ActiveCfg = Release|x64
		{18E0D1B7-9B66-4015-8451-44FE40F9EC85}.Release|x64.Build.0 = Release|x64
		{18E0D1B7-9B66-4015-8451-44FE40F9EC85}.Release|x64.Deploy.0 = Release|x64
		{18E0D1B7-9B66-4015-8451-44FE40F9EC85}.Release|x86.ActiveCfg = Release|Win32
		{18E0D1B7-9B66-4015-8451-44FE40F9EC85}.Release|x86.Build.0 = Release|Win32
		{18E0D1B7-9B66-4015-8451-44FE40F9EC85}.Release|x86.Deploy.0 = Release|Win32
		{18E0D1B7-9B66-4015-8451-44FE40F9EC85}.ReleaseXboxOne|ARM.ActiveCfg = ReleaseXboxOne|ARM
		{18E0D1B7-9B66-4015-8451-44FE40F9EC85}.ReleaseXboxOne|ARM.Build.0 = ReleaseXboxOne|ARM
		{18E0D1B7-9B66-4015-8451-44FE40F9EC85}.ReleaseXboxOne|ARM.Deploy.0 = ReleaseXboxOne|ARM
		{18E0D1B7-9B66-4015-8451-44FE40F9EC85}.ReleaseXboxOne|PSVita.ActiveCfg = ReleaseXboxOne|Win32
		{18E0D1B7-9B66-4015-8451-44FE40F9EC85}.ReleaseXboxOne|x64.ActiveCfg = ReleaseXboxOne|x64
		{18E0D1B7-9B66-4015-8451-44FE40F9EC85}.ReleaseXboxOne|x64.Build.0 = ReleaseXboxOne|x64
		{18E0D1B7-9B66-4015-8451-44FE40F9EC85}.ReleaseXboxOne|x64.Deploy.0 = ReleaseXboxOne|x64
		{18E0D1B7-9B66-4015-8451-44FE40F9EC85}.ReleaseXboxOne|x86.ActiveCfg = ReleaseXboxOne|Win32
		{18E0D1B7-9B66-4015-8451-44FE40F9EC85}.ReleaseXboxOne|x86.Build.0 = ReleaseXboxOne|Win32
		{18E0D1B7-9B66-4015-8451-44FE40F9EC85}.ReleaseXboxOne|x86.Deploy.0 = ReleaseXboxOne|Win32
		{2425CB36-ACA8-4B2D-B90D-7C70F201CA29}.Debug|ARM.ActiveCfg = Debug|ARM
		{2425CB36-ACA8-4B2D-B90D-7C70F201CA29}.Debug|ARM.Build.0 = Debug|ARM
		{2425CB36-ACA8-4B2D-B90D-7C70F201CA29}.Debug|PSVita.ActiveCfg = Debug|Win32
		{2425CB36-ACA8-4B2D-B90D-7C70F201CA29}.Debug|x64.ActiveCfg = Debug|x64
		{2425CB36-ACA8-4B2D-B90D-7C70F201CA29}.Debug|x64.Build.0 = Debug|x64
		{2425CB36-ACA8-4B2D-B90D-7C70F201CA29}.Debug|x86.ActiveCfg = Debug|Win32
		{2425CB36-ACA8-4B2D-B90D-7C70F201CA29}.Debug|x86.Build.0 = Debug|Win32
		{2425CB36-ACA8-4B2D-B90D-7C70F201CA29}.DebugProfiling|ARM.ActiveCfg = DebugProfiling|ARM
		{2425CB36-ACA8-4B2D-B90D-7C70F201CA29}.DebugProfiling|ARM.Build.0 = DebugProfiling|ARM
		{2425CB36-ACA8-4B2D-B90D-7C70F201CA29}.DebugProfiling|PSVita.ActiveCfg = DebugProfiling|Win32
		{2425CB36-ACA8-4B2D-B90D-7C70F201CA29}.DebugProfiling|x64.ActiveCfg = DebugProfiling|x64
		{2425CB36-ACA8-4B2D-B90D-7C70F201CA29}.DebugProfiling|x64.Build.0 = DebugProfiling|x64
		{2425CB36-ACA8-4B2D-B90D-7C70F201CA29}.DebugProfiling|x86.ActiveCfg = DebugProfiling|Win32
		{2425CB36-ACA8-4B2D-B90D-7C70F201CA29}.DebugProfiling|x86.Build.0 = DebugProfiling|Win32
		{2425CB36-ACA8-4B2D-B90D-7C70F201CA29}.DebugXboxOne|ARM.ActiveCfg = DebugXboxOne|ARM
		{2425CB36-ACA8-4B2D-B90D-7C70F201CA29}.DebugXboxOne|ARM.Build.0 = DebugXboxOne|ARM
		{2425CB36-ACA8-4B2D-B90D-7C70F201CA29}.DebugXboxOne|PSVita.ActiveCfg = DebugXboxOne|Win32
		{2425CB36-ACA8-4B2D-B90D-7C70F201CA29}.DebugXboxOne|x64.ActiveCfg = DebugXboxOne|x64
		{2425CB36-ACA8-4B2D-B90D-7C70F201CA29}.DebugXboxOne|x64.Build.0 = DebugXboxOne|x64
		{2425CB36-ACA8-4B2D-B90D-7C70F201CA29}.DebugXboxOne|x86.ActiveCfg = DebugXboxOne|Win32
		{2425CB36-ACA8-4B2D-B90D-7C70F201CA29}.DebugXboxOne|x86.Build.0 = DebugXboxOne|Win32
		{2425CB36-ACA8-4B2D-B90D-7C70F201CA29}.Profile|ARM.ActiveCfg = ReleaseXboxOne|ARM
		{2425CB36-ACA8-4B2D-B90D-7C70F201CA29}.Profile|ARM.Build.0 = ReleaseXboxOne|ARM
		{2425CB36-ACA8-4B2D-B90D-7C70F201CA29}.Profile|PSVita.ActiveCfg = Release|Win32
		{2425CB36-ACA8-4B2D-B90D-7C70F201CA29}.Profile|PSVita.Build.0 = Release|Win32
		{2425CB36-ACA8-4B2D-B90D-7C70F201CA29}.Profile|x64.ActiveCfg = ReleaseXboxOne|x64
		{2425CB36-ACA8-4B2D-B90D-7C70F201CA29}.Profile|x64.Build.0 = ReleaseXboxOne|x64
		{2425CB36-ACA8-4B2D-B90D-7C70F201CA29}.Profile|x86.ActiveCfg = ReleaseXboxOne|Win32
		{2425CB36-ACA8-4B2D-B90D-7C70F201CA29}.Profile|x86.Build.0 = ReleaseXboxOne|Win32
		{2425CB36-ACA8-4B2D-B90D-7C70F201CA29}.Release|ARM.ActiveCfg = Release|ARM
		{2425CB36-ACA8-4B2D-B90D-7C70F201CA29}.Release|ARM.Build.0 = Release|ARM
		{2425CB36-ACA8-4B2D-B90D-7C70F201CA29}.Release|PSVita.ActiveCfg = Release|Win32
		{2425CB36-ACA8-4B2D-B90D-7C70F201CA29}.Release|x64.ActiveCfg = Release|x64
		{2425CB36-ACA8-4B2D-B90D-7C70F201CA29}.Release|x64.Build.0 = Release|x64
		{2425CB36-ACA8-4B2D-B90D-7C70F201CA29}.Release|x86.ActiveCfg = Release|Win32
		{2425CB36-ACA8-4B2D-B90D-7C70F201CA29}.Release|x86.Build.0 = Release|Win32
		{2425CB36-ACA8-4B2D-B90D-7C70F201CA29}.ReleaseXboxOne|ARM.ActiveCfg = ReleaseXboxOne|ARM
		{2425CB36-ACA8-4B2D-B90D-7C70F201CA29}.ReleaseXboxOne|ARM.Build.0 = ReleaseXboxOne|ARM
		{2425CB36-ACA8-4B2D-B90D-7C70F201CA29}.ReleaseXboxOne|PSVita.ActiveCfg = ReleaseXboxOne|Win32
		{2425CB36-ACA8-4B2D-B90D-7C70F201CA29}.ReleaseXboxOne|x64.ActiveCfg = ReleaseXboxOne|x64
		{2425CB36-ACA8-4B2D-B90D-7C70F201CA29}.ReleaseXboxOne|x64.Build.0 = ReleaseXboxOne|x64
		{2425CB36-ACA8-4B2D-B90D-7C70F201CA29}.ReleaseXboxOne|x86.ActiveCfg = ReleaseXboxOne|Win32
		{2425CB36-ACA8-4B2D-B90D-7C70F201CA29}.ReleaseXboxOne|x86.Build.0 = ReleaseXboxOne|Win32
		{3821CC33-3FB4-4184-808B-5E62B317650D}.Debug|ARM.ActiveCfg = Debug|ARM
		{3821CC33-3FB4-4184-808B-5E62B317650D}.Debug|ARM.Build.0 = Debug|ARM
		{3821CC33-3FB4-4184-808B-5E62B317650D}.Debug|PSVita.ActiveCfg = Debug|Win32
		{3821CC33-3FB4-4184-808B-5E62B317650D}.Debug|x64.ActiveCfg = Debug|x64
		{3821CC33-3FB4-4184-808B-5E62B317650D}.Debug|x64.Build.0 = Debug|x64
		{3821CC33-3FB4-4184-808B-5E62B317650D}.Debug|x86.ActiveCfg = Debug|Win32
		{3821CC33-3FB4-4184-808B-5E62B317650D}.Debug|x86.Build.0 = Debug|Win32
		{3821CC33-3FB4-4184-808B-5E62B317650D}.DebugProfiling|ARM.ActiveCfg = DebugProfiling|ARM
		{3821CC33-3FB4-4184-808B-5E62B317650D}.DebugProfiling|ARM.Build.0 = DebugProfiling|ARM
		{3821CC33-3FB4-4184-808B-5E62B317650D}.DebugProfiling|PSVita.ActiveCfg = DebugProfiling|Win32
		{3821CC33-3FB4-4184-808B-5E62B317650D}.DebugProfiling|x64.ActiveCfg = DebugProfiling|x64
		{3821CC33-3FB4-4184-808B-5E62B317650D}.DebugProfiling|x64.Build.0 = DebugProfiling|x64
		{3821CC33-3FB4-4184-808B-5E62B317650D}.DebugProfiling|x86.ActiveCfg = DebugProfiling|Win32
		{3821CC33-3FB4-4184-808B-5E62B317650D}.DebugProfiling|x86.Build.0 = DebugProfiling|Win32
		{3821CC33-3FB4-4184-808B-5E62B317650D}.DebugXboxOne|ARM.ActiveCfg = DebugXboxOne|ARM
		{3821CC33-3FB4-4184-808B-5E62B317650D}.DebugXboxOne|ARM.Build.0 = DebugXboxOne|ARM
		{3821CC33-3FB4-4184-808B-5E62B317650D}.DebugXboxOne|PSVita.ActiveCfg = DebugXboxOne|Win32
		{3821CC33-3FB4-4184-808B-5E62B317650D}.DebugXboxOne|x64.ActiveCfg = DebugXboxOne|x64
		{3821CC33-3FB4-4184-808B-5E62B317650D}.DebugXboxOne|x64.Build.0 = DebugXboxOne|x64
		{3821CC33-3FB4-4184-808B-5E62B317650D}.DebugXboxOne|x86.ActiveCfg = DebugXboxOne|Win32
		{3821CC33-3FB4-4184-808B-5E62B317650D}.DebugXboxOne|x86.Build.0 = DebugXboxOne|Win32
		{3821CC33-3FB4-4184-808B-5E62B317650D}.Profile|ARM.ActiveCfg = ReleaseXboxOne|ARM
		{3821CC33-3FB4-4184-808B-5E62B317650D}.Profile|ARM.Build.0 = ReleaseXboxOne|ARM
		{3821CC33-3FB4-4184-808B-5E62B317650D}.Profile|PSVita.ActiveCfg = Release|Win32
		{3821CC33-3FB4-4184-808B-5E62B317650D}.Profile|PSVita.Build.0 = Release|Win32
		{3821CC33-3FB4-4184-808B-5E62B317650D}.Profile|x64.ActiveCfg = ReleaseXboxOne|x64
		{3821CC33-3FB4-4184-808B-5E62B317650D}.Profile|x64.Build.0 = ReleaseXboxOne|x64
		{3821CC33-3FB4-4184-808B-5E62B317650D}.Profile|x86.ActiveCfg = ReleaseXboxOne|Win32
		{3821CC33-3FB4-4184-808B-5E62B317650D}.Profile|x86.Build.0 = ReleaseXboxOne|Win32
		{3821CC33-3FB4-4184-808B-5E62B317650D}.Release|ARM.ActiveCfg = Release|ARM
		{3821CC33-3FB4-4184-808B-5E62B317650D}.Release|ARM.Build.0 = Release|ARM
		{3821CC33-3FB4-4184-808B-5E62B317650D}.Release|PSVita.ActiveCfg = Release|Win32
		{3821CC33-3FB4-4184-808B-5E62B317650D}.Release|x64.ActiveCfg = Release|x64
		{3821CC33-3FB4-4184-808B-5E62B317650D}.Release|x64.Build.0 = Release|x64
		{3821CC33-3FB4-4184-808B-5E62B317650D}.Release|x86.ActiveCfg = Release|Win32
		{3821CC33-3FB4-4184-808B-5E62B317650D}.Release|x86.Build.0 = Release|Win32
		{3821CC33-3FB4-4184-808B-5E62B317650D}.ReleaseXboxOne|ARM.ActiveCfg = ReleaseXboxOne|ARM
		{3821CC33-3FB4-4184-808B-5E62B317650D}.ReleaseXboxOne|ARM.Build.0 = ReleaseXboxOne|ARM
		{3821CC33-3FB4-4184-808B-5E62B317650D}.ReleaseXboxOne|PSVita.ActiveCfg = ReleaseXboxOne|Win32
		{3821CC33-3FB4-4184-808B-5E62B317650D}.ReleaseXboxOne|x64.ActiveCfg = ReleaseXboxOne|x64
		{3821CC33-3FB4-4184-808B-5E62B317650D}.ReleaseXboxOne|x64.Build.0 = ReleaseXboxOne|x64
		{3821CC33-3FB4-4184-808B-5E62B317650D}.ReleaseXboxOne|x86.ActiveCfg = ReleaseXboxOne|Win32
		{3821CC33-3FB4-4184-808B-5E62B317650D}.ReleaseXboxOne|x86.Build.0 = ReleaseXboxOne|Win32
		{F52D6BB6-9133-472E-A35F-D1A562499F27}.Debug|ARM.ActiveCfg = Debug|Win32
		{F52D6BB6-9133-472E-A35F-D1A562499F27}.Debug|PSVita.ActiveCfg = Debug|Win32
		{F52D6BB6-9133-472E-A35F-D1A562499F27}.Debug|x64.ActiveCfg = Debug|x64
		{F52D6BB6-9133-472E-A35F-D1A562499F27}.Debug|x64.Build.0 = Debug|x64
		{F52D6BB6-9133-472E-A35F-D1A562499F27}.Debug|x86.ActiveCfg = Debug|Win32
		{F52D6BB6-9133-472E-A35F-D1A562499F27}.Debug|x86.Build.0 = Debug|Win32
		{F52D6BB6-9133-472E-A35F-D1A562499F27}.DebugProfiling|ARM.ActiveCfg = DebugProfiling|Win32
		{F52D6BB6-9133-472E-A35F-D1A562499F27}.DebugProfiling|PSVita.ActiveCfg = DebugProfiling|Win32
		{F52D6BB6-9133-472E-A35F-D1A562499F27}.DebugProfiling|x64.ActiveCfg = DebugProfiling|x64
		{F52D6BB6-9133-472E-A35F-D1A562499F27}.DebugProfiling|x64.Build.0 = DebugProfiling|x64
		{F52D6BB6-9133-472E-A35F-D1A562499F27}.DebugProfiling|x86.ActiveCfg = DebugProfiling|Win32
		{F52D6BB6-9133-472E-A35F-D1A562499F27}.DebugProfiling|x86.Build.0 = DebugProfiling|Win32
		{F52D6BB6-9133-472E-A35F-D1A562499F27}.DebugXboxOne|ARM.ActiveCfg = Release|x64
		{F52D6BB6-9133-472E-A35F-D1A562499F27}.DebugXboxOne|ARM.Build.0 = Release|x64
		{F52D6BB6-9133-472E-A35F-D1A562499F27}.DebugXboxOne|PSVita.ActiveCfg = Release|Win32
		{F52D6BB6-9133-472E-A35F-D1A562499F27}.DebugXboxOne|PSVita.Build.0 = Release|Win32
		{F52D6BB6-9133-472E-A35F-D1A562499F27}.DebugXboxOne|x64.ActiveCfg = Debug|x64
		{F52D6BB6-9133-472E-A35F-D1A562499F27}.DebugXboxOne|x64.Build.0 = Debug|x64
		{F52D6BB6-9133-472E-A35F-D1A562499F27}.DebugXboxOne|x86.ActiveCfg = Debug|Win32
		{F52D6BB6-9133-472E-A35F-D1A562499F27}.DebugXboxOne|x86.Build.0 = Debug|Win32
		{F52D6BB6-9133-472E-A35F-D1A562499F27}.Profile|ARM.ActiveCfg = Release|Win32
		{F52D6BB6-9133-472E-A35F-D1A562499F27}.Profile|ARM.Build.0 = Release|Win32
		{F52D6BB6-9133-472E-A35F-D1A562499F27}.Profile|PSVita.ActiveCfg = Release|Win32
		{F52D6BB6-9133-472E-A35F-D1A562499F27}.Profile|PSVita.Build.0 = Release|Win32
		{F52D6BB6-9133-472E-A35F-D1A562499F27}.Profile|x64.ActiveCfg = Release|x64
		{F52D6BB6-9133-472E-A35F-D1A562499F27}.Profile|x64.Build.0 = Release|x64
		{F52D6BB6-9133-472E-A35F-D1A562499F27}.Profile|x86.ActiveCfg = Release|Win32
		{F52D6BB6-9133-472E-A35F-D1A562499F27}.Profile|x86.Build.0 = Release|Win32
		{F52D6BB6-9133-472E-A35F-D1A562499F27}.Release|ARM.ActiveCfg = Release|Win32
		{F52D6BB6-9133-472E-A35F-D1A562499F27}.Release|PSVita.ActiveCfg = Release|Win32
		{F52D6BB6-9133-472E-A35F-D1A562499F27}.Release|x64.ActiveCfg = Release|x64
		{F52D6BB6-9133-472E-A35F-D1A562499F27}.Release|x64.Build.0 = Release|x64
		{F52D6BB6-9133-472E-A35F-D1A562499F27}.Release|x86.ActiveCfg = Release|Win32
		{F52D6BB6-9133-472E-A35F-D1A562499F27}.Release|x86.Build.0 = Release|Win32
		{F52D6BB6-9133-472E-A35F-D1A562499F27}.ReleaseXboxOne|ARM.ActiveCfg = Release|x64
		{F52D6BB6-9133-472E-A35F-D1A562499F27}.ReleaseXboxOne|ARM.Build.0 = Release|x64
		{F52D6BB6-9133-472E-A35F-D1A562499F27}.ReleaseXboxOne|PSVita.ActiveCfg = Release|Win32
		{F52D6BB6-9133-472E-A35F-D1A562499F27}.ReleaseXboxOne|PSVita.Build.0 = Release|Win32
		{F52D6BB6-9133-472E-A35F-D1A562499F27}.ReleaseXboxOne|x64.ActiveCfg = Release|x64
		{F52D6BB6-9133-472E-A35F-D1A562499F27}.ReleaseXboxOne|x64.Build.0 = Release|x64
		{F52D6BB6-9133-472E-A35F-D1A562499F27}.ReleaseXboxOne|x86.ActiveCfg = Release|Win32
		{F52D6BB6-9133-472E-A35F-D1A562499F27}.ReleaseXboxOne|x86.Build.0 = Release|Win32
		{84C4C6F2-AF1F-4D38-82DF-93F6ED73E1C0}.Debug|ARM.ActiveCfg = Debug|Win32
		{84C4C6F2-AF1F-4D38-82DF-93F6ED73E1C0}.Debug|PSVita.ActiveCfg = Debug|Win32
		{84C4C6F2-AF1F-4D38-82DF-93F6ED73E1C0}.Debug|x64.ActiveCfg = Debug|x64
		{84C4C6F2-AF1F-4D38-82DF-93F6ED73E1C0}.Debug|x64.Build.0 = Debug|x64
		{84C4C6F2-AF1F-4D38-82DF-93F6ED73E1C0}.Debug|x86.ActiveCfg = Debug|Win32
		{84C4C6F2-AF1F-4D38-82DF-93F6ED73E1C0}.Debug|x86.Build.0 = Debug|Win32
		{84C4C6F2-AF1F-4D38-82DF-93F6ED73E1C0}.DebugProfiling|ARM.ActiveCfg = DebugProfiling|Win32
		{84C4C6F2-AF1F-4D38-82DF-93F6ED73E1C0}.DebugProfiling|PSVita.ActiveCfg = DebugProfiling|Win32
		{84C4C6F2-AF1F-4D38-82DF-93F6ED73E1C0}.DebugProfiling|x64.ActiveCfg = DebugProfiling|x64
		{84C4C6F2-AF1F-4D38-82DF-93F6ED73E1C0}.DebugProfiling|x64.Build.0 = DebugProfiling|x64
		{84C4C6F2-AF1F-4D38-82DF-93F6ED73E1C0}.DebugProfiling|x86.ActiveCfg = DebugProfiling|Win32
		{84C4C6F2-AF1F-4D38-82DF-93F6ED73E1C0}.DebugProfiling|x86.Build.0 = DebugProfiling|Win32
		{84C4C6F2-AF1F-4D38-82DF-93F6ED73E1C0}.DebugXboxOne|ARM.ActiveCfg = Release|x64
		{84C4C6F2-AF1F-4D38-82DF-93F6ED73E1C0}.DebugXboxOne|ARM.Build.0 = Release|x64
		{84C4C6F2-AF1F-4D38-82DF-93F6ED73E1C0}.DebugXboxOne|PSVita.ActiveCfg = Release|Win32
		{84C4C6F2-AF1F-4D38-82DF-93F6ED73E1C0}.DebugXboxOne|PSVita.Build.0 = Release|Win32
		{84C4C6F2-AF1F-4D38-82DF-93F6ED73E1C0}.DebugXboxOne|x64.ActiveCfg = Debug|x64
		{84C4C6F2-AF1F-4D38-82DF-93F6ED73E1C0}.DebugXboxOne|x64.Build.0 = Debug|x64
		{84C4C6F2-AF1F-4D38-82DF-93F6ED73E1C0}.DebugXboxOne|x86.ActiveCfg = Debug|Win32
		{84C4C6F2-AF1F-4D38-82DF-93F6ED73E1C0}.DebugXboxOne|x86.Build.0 = Debug|Win32
		{84C4C6F2-AF1F-4D38-82DF-93F6ED73E1C0}.Profile|ARM.ActiveCfg = Release|Win32
		{84C4C6F2-AF1F-4D38-82DF-93F6ED73E1C0}.Profile|ARM.Build.0 = Release|Win32
		{84C4C6F2-AF1F-4D38-82DF-93F6ED73E1C0}.Profile|PSVita.ActiveCfg = Release|Win32
		{84C4C6F2-AF1F-4D38-82DF-93F6ED73E1C0}.Profile|PSVita.Build.0 = Release|Win32
		{84C4C6F2-AF1F-4D38-82DF-93F6ED73E1C0}.Profile|x64.ActiveCfg = Release|x64
		{84C4C6F2-AF1F-4D38-82DF-93F6ED73E1C0}.Profile|x64.Build.0 = Release|x64
		{84C4C6F2-AF1F-4D38-82DF-93F6ED73E1C0}.Profile|x86.ActiveCfg = Release|Win32
		{84C4C6F2-AF1F-4D38-82DF-93F6ED73E1C0}.Profile|x86.Build.0 = Release|Win32
		{84C4C6F2-AF1F-4D38-82DF-93F6ED73E1C0}.Release|ARM.ActiveCfg = Release|Win32
		{84C4C6F2-AF1F-4D38-82DF-93F6ED73E1C0}.Release|PSVita.ActiveCfg = Release|Win32
		{84C4C6F2-AF1F-4D38-82DF-93F6ED73E1C0}.Release|x64.ActiveCfg = Release|x64
		{84C4C6F2-AF1F-4D38-82DF-93F6ED73E1C0}.Release|x64.Build.0 = Release|x64
		{84C4C6F2-AF1F-4D38-82DF-93F6ED73E1C0}.Release|x86.ActiveCfg = Release|Win32
		{84C4C6F2-AF1F-4D38-82DF-93F6ED73E1C0}.Release|x86.Build.0 = Release|Win32
		{84C4C6F2-AF1F-4D38-82DF-93F6ED73E1C0}.ReleaseXboxOne|ARM.ActiveCfg = Release|x64
		{84C4C6F2-AF1F-4D38-82DF-93F6ED73E1C0}.ReleaseXboxOne|ARM.Build.0 = Release|x64
		{84C4C6F2-AF1F-4D38-82DF-93F6ED73E1C0}.ReleaseXboxOne|PSVita.ActiveCfg = Release|Win32
		{84C4C6F2-AF1F-4D38-82DF-93F6ED73E1C0}.ReleaseXboxOne|PSVita.Build.0 = Release|Win32
		{84C4C6F2-AF1F-4D38-82DF-93F6ED73E1C0}.ReleaseXboxOne|x64.ActiveCfg = Release|x64
		{84C4C6F2-AF1F-4D38-82DF-93F6ED73E1C0}.ReleaseXboxOne|x64.Build.0 = Release|x64
		{84C4C6F2-AF1F-4D38-82DF-93F6ED73E1C0}.ReleaseXboxOne|x86.ActiveCfg = Release|Win32
		{84C4C6F2-AF1F-4D38-82DF-93F6ED73E1C0}.ReleaseXboxOne|x86.Build.0 = Release|Win32
		{48CD8EAB-7B26-4265-849E-ED592CA3F5E6}.Debug|ARM.ActiveCfg = Debug|PSVita
		{48CD8EAB-7B26-4265-849E-ED592CA3F5E6}.Debug|PSVita.ActiveCfg = Debug|PSVita
		{48CD8EAB-7B26-4265-849E-ED592CA3F5E6}.Debug|PSVita.Build.0 = Debug|PSVita
		{48CD8EAB-7B26-4265-849E-ED592CA3F5E6}.Debug|x64.ActiveCfg = Debug|PSVita
		{48CD8EAB-7B26-4265-849E-ED592CA3F5E6}.Debug|x86.ActiveCfg = Debug|PSVita
		{48CD8EAB-7B26-4265-849E-ED592CA3F5E6}.DebugProfiling|ARM.ActiveCfg = Debug|PSVita
		{48CD8EAB-7B26-4265-849E-ED592CA3F5E6}.DebugProfiling|ARM.Build.0 = Debug|PSVita
		{48CD8EAB-7B26-4265-849E-ED592CA3F5E6}.DebugProfiling|PSVita.ActiveCfg = Debug|PSVita
		{48CD8EAB-7B26-4265-849E-ED592CA3F5E6}.DebugProfiling|PSVita.Build.0 = Debug|PSVita
		{48CD8EAB-7B26-4265-849E-ED592CA3F5E6}.DebugProfiling|x64.ActiveCfg = Debug|PSVita
		{48CD8EAB-7B26-4265-849E-ED592CA3F5E6}.DebugProfiling|x64.Build.0 = Debug|PSVita
		{48CD8EAB-7B26-4265-849E-ED592CA3F5E6}.DebugProfiling|x86.ActiveCfg = Debug|PSVita
		{48CD8EAB-7B26-4265-849E-ED592CA3F5E6}.DebugProfiling|x86.Build.0 = Debug|PSVita
		{48CD8EAB-7B26-4265-849E-ED592CA3F5E6}.DebugXboxOne|ARM.ActiveCfg = Debug|PSVita
		{48CD8EAB-7B26-4265-849E-ED592CA3F5E6}.DebugXboxOne|ARM.Build.0 = Debug|PSVita
		{48CD8EAB-7B26-4265-849E-ED592CA3F5E6}.DebugXboxOne|PSVita.ActiveCfg = Debug|PSVita
		{48CD8EAB-7B26-4265-849E-ED592CA3F5E6}.DebugXboxOne|PSVita.Build.0 = Debug|PSVita
		{48CD8EAB-7B26-4265-849E-ED592CA3F5E6}.DebugXboxOne|x64.ActiveCfg = Debug|PSVita
		{48CD8EAB-7B26-4265-849E-ED592CA3F5E6}.DebugXboxOne|x64.Build.0 = Debug|PSVita
		{48CD8EAB-7B26-4265-849E-ED592CA3F5E6}.DebugXboxOne|x86.ActiveCfg = Debug|PSVita
		{48CD8EAB-7B26-4265-849E-ED592CA3F5E6}.DebugXboxOne|x86.Build.0 = Debug|PSVita
		{48CD8EAB-7B26-4265-849E-ED592CA3F5E6}.Profile|ARM.ActiveCfg = Debug|PSVita
		{48CD8EAB-7B26-4265-849E-ED592CA3F5E6}.Profile|ARM.Build.0 = Debug|PSVita
		{48CD8EAB-7B26-4265-849E-ED592CA3F5E6}.Profile|PSVita.ActiveCfg = Debug|PSVita
		{48CD8EAB-7B26-4265-849E-ED592CA3F5E6}.Profile|PSVita.Build.0 = Debug|PSVita
		{48CD8EAB-7B26-4265-849E-ED592CA3F5E6}.Profile|x64.ActiveCfg = Debug|PSVita
		{48CD8EAB-7B26-4265-849E-ED592CA3F5E6}.Profile|x64.Build.0 = Debug|PSVita
		{48CD8EAB-7B26-4265-849E-ED592CA3F5E6}.Profile|x86.ActiveCfg = Debug|PSVita
		{48CD8EAB-7B26-4265-849E-ED592CA3F5E6}.Profile|x86.Build.0 = Debug|PSVita
		{48CD8EAB-7B26-4265-849E-ED592CA3F5E6}.Release|ARM.ActiveCfg = Release|PSVita
		{48CD8EAB-7B26-4265-849E-ED592CA3F5E6}.Release|PSVita.ActiveCfg = Release|PSVita
		{48CD8EAB-7B26-4265-849E-ED592CA3F5E6}.Release|PSVita.Build.0 = Release|PSVita
		{48CD8EAB-7B26-4265-849E-ED592CA3F5E6}.Release|x64.ActiveCfg = Release|PSVita
		{48CD8EAB-7B26-4265-849E-ED592CA3F5E6}.Release|x86.ActiveCfg = Release|PSVita
		{48CD8EAB-7B26-4265-849E-ED592CA3F5E6}.ReleaseXboxOne|ARM.ActiveCfg = Debug|PSVita
		{48CD8EAB-7B26-4265-849E-ED592CA3F5E6}.ReleaseXboxOne|ARM.Build.0 = Debug|PSVita
		{48CD8EAB-7B26-4265-849E-ED592CA3F5E6}.ReleaseXboxOne|PSVita.ActiveCfg = Release|PSVita
		{48CD8EAB-7B26-4265-849E-ED592CA3F5E6}.ReleaseXboxOne|PSVita.Build.0 = Release|PSVita
		{48CD8EAB-7B26-4265-849E-ED592CA3F5E6}.ReleaseXboxOne|x64.ActiveCfg = Debug|PSVita
		{48CD8EAB-7B26-4265-849E-ED592CA3F5E6}.ReleaseXboxOne|x64.Build.0 = Debug|PSVita
		{48CD8EAB-7B26-4265-849E-ED592CA3F5E6}.ReleaseXboxOne|x86.ActiveCfg = Debug|PSVita
		{48CD8EAB-7B26-4265-849E-ED592CA3F5E6}.ReleaseXboxOne|x86.Build.0 = Debug|PSVita
		{371B9FA9-4C90-4AC6-A123-ACED756D6C77}.Debug|ARM.ActiveCfg = Debug|Win32
		{371B9FA9-4C90-4AC6-A123-ACED756D6C77}.Debug|PSVita.ActiveCfg = Debug|Win32
		{371B9FA9-4C90-4AC6-A123-ACED756D6C77}.Debug|x64.ActiveCfg = Debug|x64
		{371B9FA9-4C90-4AC6-A123-ACED756D6C77}.Debug|x64.Build.0 = Debug|x64
		{371B9FA9-4C90-4AC6-A123-ACED756D6C77}.Debug|x86.ActiveCfg = Debug|Win32
		{371B9FA9-4C90-4AC6-A123-ACED756D6C77}.Debug|x86.Build.0 = Debug|Win32
		{371B9FA9-4C90-4AC6-A123-ACED756D6C77}.DebugProfiling|ARM.ActiveCfg = DebugProfiling|Win32
		{371B9FA9-4C90-4AC6-A123-ACED756D6C77}.DebugProfiling|PSVita.ActiveCfg = DebugProfiling|Win32
		{371B9FA9-4C90-4AC6-A123-ACED756D6C77}.DebugProfiling|x64.ActiveCfg = DebugProfiling|x64
		{371B9FA9-4C90-4AC6-A123-ACED756D6C77}.DebugProfiling|x64.Build.0 = DebugProfiling|x64
		{371B9FA9-4C90-4AC6-A123-ACED756D6C77}.DebugProfiling|x86.ActiveCfg = DebugProfiling|Win32
		{371B9FA9-4C90-4AC6-A123-ACED756D6C77}.DebugProfiling|x86.Build.0 = DebugProfiling|Win32
		{371B9FA9-4C90-4AC6-A123-ACED756D6C77}.DebugXboxOne|ARM.ActiveCfg = Release|x64
		{371B9FA9-4C90-4AC6-A123-ACED756D6C77}.DebugXboxOne|ARM.Build.0 = Release|x64
		{371B9FA9-4C90-4AC6-A123-ACED756D6C77}.DebugXboxOne|PSVita.ActiveCfg = Release|x64
		{371B9FA9-4C90-4AC6-A123-ACED756D6C77}.DebugXboxOne|PSVita.Build.0 = Release|x64
		{371B9FA9-4C90-4AC6-A123-ACED756D6C77}.DebugXboxOne|x64.ActiveCfg = Debug|x64
		{371B9FA9-4C90-4AC6-A123-ACED756D6C77}.DebugXboxOne|x64.Build.0 = Debug|x64
		{371B9FA9-4C90-4AC6-A123-ACED756D6C77}.DebugXboxOne|x86.ActiveCfg = Debug|Win32
		{371B9FA9-4C90-4AC6-A123-ACED756D6C77}.DebugXboxOne|x86.Build.0 = Debug|Win32
		{371B9FA9-4C90-4AC6-A123-ACED756D6C77}.Profile|ARM.ActiveCfg = Profile|Win32
		{371B9FA9-4C90-4AC6-A123-ACED756D6C77}.Profile|PSVita.ActiveCfg = Profile|Win32
		{371B9FA9-4C90-4AC6-A123-ACED756D6C77}.Profile|x64.ActiveCfg = Profile|x64
		{371B9FA9-4C90-4AC6-A123-ACED756D6C77}.Profile|x64.Build.0 = Profile|x64
		{371B9FA9-4C90-4AC6-A123-ACED756D6C77}.Profile|x86.ActiveCfg = Profile|Win32
		{371B9FA9-4C90-4AC6-A123-ACED756D6C77}.Profile|x86.Build.0 = Profile|Win32
		{371B9FA9-4C90-4AC6-A123-ACED756D6C77}.Release|ARM.ActiveCfg = Release|Win32
		{371B9FA9-4C90-4AC6-A123-ACED756D6C77}.Release|PSVita.ActiveCfg = Release|Win32
		{371B9FA9-4C90-4AC6-A123-ACED756D6C77}.Release|x64.ActiveCfg = Release|x64
		{371B9FA9-4C90-4AC6-A123-ACED756D6C77}.Release|x64.Build.0 = Release|x64
		{371B9FA9-4C90-4AC6-A123-ACED756D6C77}.Release|x86.ActiveCfg = Release|Win32
		{371B9FA9-4C90-4AC6-A123-ACED756D6C77}.Release|x86.Build.0 = Release|Win32
		{371B9FA9-4C90-4AC6-A123-ACED756D6C77}.ReleaseXboxOne|ARM.ActiveCfg = Release|x64
		{371B9FA9-4C90-4AC6-A123-ACED756D6C77}.ReleaseXboxOne|ARM.Build.0 = Release|x64
		{371B9FA9-4C90-4AC6-A123-ACED756D6C77}.ReleaseXboxOne|PSVita.ActiveCfg = Release|x64
		{371B9FA9-4C90-4AC6-A123-ACED756D6C77}.ReleaseXboxOne|PSVita.Build.0 = Release|x64
		{371B9FA9-4C90-4AC6-A123-ACED756D6C77}.ReleaseXboxOne|x64.ActiveCfg = Release|x64
		{371B9FA9-4C90-4AC6-A123-ACED756D6C77}.ReleaseXboxOne|x64.Build.0 = Release|x64
		{371B9FA9-4C90-4AC6-A123-ACED756D6C77}.ReleaseXboxOne|x86.ActiveCfg = Release|Win32
		{371B9FA9-4C90-4AC6-A123-ACED756D6C77}.ReleaseXboxOne|x86.Build.0 = Release|Win32
		{19311D02-6100-4A40-B588-92230CE9115E}.Debug|ARM.ActiveCfg = Debug|Win32
		{19311D02-6100-4A40-B588-92230CE9115E}.Debug|PSVita.ActiveCfg = Debug|Win32
		{19311D02-6100-4A40-B588-92230CE9115E}.Debug|x64.ActiveCfg = Debug|x64
		{19311D02-6100-4A40-B588-92230CE9115E}.Debug|x64.Build.0 = Debug|x64
		{19311D02-6100-4A40-B588-92230CE9115E}.Debug|x86.ActiveCfg = Debug|Win32
		{19311D02-6100-4A40-B588-92230CE9115E}.Debug|x86.Build.0 = Debug|Win32
		{19311D02-6100-4A40-B588-92230CE9115E}.DebugProfiling|ARM.ActiveCfg = Release|x64
		{19311D02-6100-4A40-B588-92230CE9115E}.DebugProfiling|ARM.Build.0 = Release|x64
		{19311D02-6100-4A40-B588-92230CE9115E}.DebugProfiling|PSVita.ActiveCfg = Release|x64
		{19311D02-6100-4A40-B588-92230CE9115E}.DebugProfiling|PSVita.Build.0 = Release|x64
		{19311D02-6100-4A40-B588-92230CE9115E}.DebugProfiling|x64.ActiveCfg = Debug|x64
		{19311D02-6100-4A40-B588-92230CE9115E}.DebugProfiling|x64.Build.0 = Debug|x64
		{19311D02-6100-4A40-B588-92230CE9115E}.DebugProfiling|x86.ActiveCfg = Debug|Win32
		{19311D02-6100-4A40-B588-92230CE9115E}.DebugProfiling|x86.Build.0 = Debug|Win32
		{19311D02-6100-4A40-B588-92230CE9115E}.DebugXboxOne|ARM.ActiveCfg = Release|x64
		{19311D02-6100-4A40-B588-92230CE9115E}.DebugXboxOne|ARM.Build.0 = Release|x64
		{19311D02-6100-4A40-B588-92230CE9115E}.DebugXboxOne|PSVita.ActiveCfg = Release|x64
		{19311D02-6100-4A40-B588-92230CE9115E}.DebugXboxOne|PSVita.Build.0 = Release|x64
		{19311D02-6100-4A40-B588-92230CE9115E}.DebugXboxOne|x64.ActiveCfg = Debug|x64
		{19311D02-6100-4A40-B588-92230CE9115E}.DebugXboxOne|x64.Build.0 = Debug|x64
		{19311D02-6100-4A40-B588-92230CE9115E}.DebugXboxOne|x86.ActiveCfg = Debug|Win32
		{19311D02-6100-4A40-B588-92230CE9115E}.DebugXboxOne|x86.Build.0 = Debug|Win32
		{19311D02-6100-4A40-B588-92230CE9115E}.Profile|ARM.ActiveCfg = Release|x64
		{19311D02-6100-4A40-B588-92230CE9115E}.Profile|ARM.Build.0 = Release|x64
		{19311D02-6100-4A40-B588-92230CE9115E}.Profile|PSVita.ActiveCfg = Release|x64
		{19311D02-6100-4A40-B588-92230CE9115E}.Profile|PSVita.Build.0 = Release|x64
		{19311D02-6100-4A40-B588-92230CE9115E}.Profile|x64.ActiveCfg = Release|x64
		{19311D02-6100-4A40-B588-92230CE9115E}.Profile|x64.Build.0 = Release|x64
		{19311D02-6100-4A40-B588-92230CE9115E}.Profile|x86.ActiveCfg = Release|Win32
		{19311D02-6100-4A40-B588-92230CE9115E}.Profile|x86.Build.0 = Release|Win32
		{19311D02-6100-4A40-B588-92230CE9115E}.Release|ARM.ActiveCfg = Release|Win32
		{19311D02-6100-4A40-B588-92230CE9115E}.Release|PSVita.ActiveCfg = Release|Win32
		{19311D02-6100-4A40-B588-92230CE9115E}.Release|x64.ActiveCfg = Release|x64
		{19311D02-6100-4A40-B588-92230CE9115E}.Release|x64.Build.0 = Release|x64
		{19311D02-6100-4A40-B588-92230CE9115E}.Release|x86.ActiveCfg = Release|Win32
		{19311D02-6100-4A40-B588-92230CE9115E}.Release|x86.Build.0 = Release|Win32
		{19311D02-6100-4A40-B588-92230CE9115E}.ReleaseXboxOne|ARM.ActiveCfg = Release|x64
		{19311D02-6100-4A40-B588-92230CE9115E}.ReleaseXboxOne|ARM.Build.0 = Release|x64
		{19311D02-6100-4A40-B588-92230CE9115E}.ReleaseXboxOne|PSVita.ActiveCfg = Release|x64
		{19311D02-6100-4A40-B588-92230CE9115E}.ReleaseXboxOne|PSVita.Build.0 = Release|x64
		{19311D02-6100-4A40-B588-92230CE9115E}.ReleaseXboxOne|x64.ActiveCfg = Release|x64
		{19311D02-6100-4A40-B588-92230CE9115E}.ReleaseXboxOne|x64.Build.0 = Release|x64
		{19311D02-6100-4A40-B588-92230CE9115E}.ReleaseXboxOne|x86.ActiveCfg = Release|Win32
		{19311D02-6100-4A40-B588-92230CE9115E}.ReleaseXboxOne|x86.Build.0 = Release|Win32
		{A6EE5F6D-55C5-4DF2-B15F-01774C7200F2}.Debug|ARM.ActiveCfg = Debug|Win32
		{A6EE5F6D-55C5-4DF2-B15F-01774C7200F2}.Debug|PSVita.ActiveCfg = Debug|Win32
		{A6EE5F6D-55C5-4DF2-B15F-01774C7200F2}.Debug|x64.ActiveCfg = Debug|x64
		{A6EE5F6D-55C5-4DF2-B15F-01774C7200F2}.Debug|x64.Build.0 = Debug|x64
		{A6EE5F6D-55C5-4DF2-B15F-01774C7200F2}.Debug|x86.ActiveCfg = Debug|Win32
		{A6EE5F6D-55C5-4DF2-B15F-01774C7200F2}.Debug|x86.Build.0 = Debug|Win32
		{A6EE5F6D-55C5-4DF2-B15F-01774C7200F2}.DebugProfiling|ARM.ActiveCfg = Release|x64
		{A6EE5F6D-55C5-4DF2-B15F-01774C7200F2}.DebugProfiling|ARM.Build.0 = Release|x64
		{A6EE5F6D-55C5-4DF2-B15F-01774C7200F2}.DebugProfiling|PSVita.ActiveCfg = Release|x64
		{A6EE5F6D-55C5-4DF2-B15F-01774C7200F2}.DebugProfiling|PSVita.Build.0 = Release|x64
		{A6EE5F6D-55C5-4DF2-B15F-01774C7200F2}.DebugProfiling|x64.ActiveCfg = Debug|x64
		{A6EE5F6D-55C5-4DF2-B15F-01774C7200F2}.DebugProfiling|x64.Build.0 = Debug|x64
		{A6EE5F6D-55C5-4DF2-B15F-01774C7200F2}.DebugProfiling|x86.ActiveCfg = Debug|Win32
		{A6EE5F6D-55C5-4DF2-B15F-01774C7200F2}.DebugProfiling|x86.Build.0 = Debug|Win32
		{A6EE5F6D-55C5-4DF2-B15F-01774C7200F2}.DebugXboxOne|ARM.ActiveCfg = Release|x64
		{A6EE5F6D-55C5-4DF2-B15F-01774C7200F2}.DebugXboxOne|ARM.Build.0 = Release|x64
		{A6EE5F6D-55C5-4DF2-B15F-01774C7200F2}.DebugXboxOne|PSVita.ActiveCfg = Release|x64
		{A6EE5F6D-55C5-4DF2-B15F-01774C7200F2}.DebugXboxOne|PSVita.Build.0 = Release|x64
		{A6EE5F6D-55C5-4DF2-B15F-01774C7200F2}.DebugXboxOne|x64.ActiveCfg = Debug|x64
		{A6EE5F6D-55C5-4DF2-B15F-01774C7200F2}.DebugXboxOne|x64.Build.0 = Debug|x64
		{A6EE5F6D-55C5-4DF2-B15F-01774C7200F2}.DebugXboxOne|x86.ActiveCfg = Debug|Win32
		{A6EE5F6D-55C5-4DF2-B15F-01774C7200F2}.DebugXboxOne|x86.Build.0 = Debug|Win32
		{A6EE5F6D-55C5-4DF2-B15F-01774C7200F2}.Profile|ARM.ActiveCfg = Release|x64
		{A6EE5F6D-55C5-4DF2-B15F-01774C7200F2}.Profile|ARM.Build.0 = Release|x64
		{A6EE5F6D-55C5-4DF2-B15F-01774C7200F2}.Profile|PSVita.ActiveCfg = Release|x64
		{A6EE5F6D-55C5-4DF2-B15F-01774C7200F2}.Profile|PSVita.Build.0 = Release|x64
		{A6EE5F6D-55C5-4DF2-B15F-01774C7200F2}.Profile|x64.ActiveCfg = Release|x64
		{A6EE5F6D-55C5-4DF2-B15F-01774C7200F2}.Profile|x64.Build.0 = Release|x64
		{A6EE5F6D-55C5-4DF2-B15F-01774C7200F2}.Profile|x86.ActiveCfg = Release|Win32
		{A6EE5F6D-55C5-4DF2-B15F-01774C7200F2}.Profile|x86.Build.0 = Release|Win32
		{A6EE5F6D-55C5-4DF2-B15F-01774C7200F2}.Release|ARM.ActiveCfg = Release|Win32
		{A6EE5F6D-55C5-4DF2-B15F-01774C7200F2}.Release|PSVita.ActiveCfg = Release|Win32
		{A6EE5F6D-55C5-4DF2-B15F-01774C7200F2}.Release|x64.ActiveCfg = Release|x64
		{A6EE5F6D-55C5-4DF2-B15F-01774C7200F2}.Release|x64.Build.0 = Release|x64
		{A6EE5F6D-55C5-4DF2-B15F-01774C7200F2}.Release|x86.ActiveCfg = Release|Win32
		{A6EE5F6D-55C5-4DF2-B15F-01774C7200F2}.Release|x86.Build.0 = Release|Win32
		{A6EE5F6D-55C5-4DF2-B15F-01774C7200F2}.ReleaseXboxOne|ARM.ActiveCfg = Release|x64
		{A6EE5F6D-55C5-4DF2-B15F-01774C7200F2}.ReleaseXboxOne|ARM.Build.0 = Release|x64
		{A6EE5F6D-55C5-4DF2-B15F-01774C7200F2}.ReleaseXboxOne|PSVita.ActiveCfg = Release|x64
		{A6EE5F6D-55C5-4DF2-B15F-01774C7200F2}.ReleaseXboxOne|PSVita.Build.0 = Release|x64
		{A6EE5F6D-55C5-4DF2-B15F-01774C7200F2}.ReleaseXboxOne|x64.ActiveCfg = Release|x64
		{A6EE5F6D-55C5-4DF2-B15F-01774C7200F2}.ReleaseXboxOne|x64.Build.0 = Release|x64
		{A6EE5F6D-55C5-4DF2-B15F-01774C7200F2}.ReleaseXboxOne|x86.ActiveCfg = Release|Win32
		{A6EE5F6D-55C5-4DF2-B15F-01774C7200F2}.ReleaseXboxOne|x86.Build.0 = Release|Win32
	EndGlobalSection
	GlobalSection(SolutionProperties) = preSolution
		HideSolutionNode = FALSE
	EndGlobalSection
EndGlobal
