<?xml version="1.0" encoding="utf-8"?>
<Project ToolsVersion="4.0" xmlns="http://schemas.microsoft.com/developer/msbuild/2003">
  <ItemGroup>
    <Filter Include="Source Files">
      <UniqueIdentifier>{4FC737F1-C7A5-4376-A066-2A32D752A2FF}</UniqueIdentifier>
      <Extensions>cpp;c;cxx;cc;s;asm</Extensions>
    </Filter>
    <Filter Include="Header Files">
      <UniqueIdentifier>{93995380-89BD-4b04-88EB-625FBE52EBFB}</UniqueIdentifier>
      <Extensions>h;hpp</Extensions>
    </Filter>
    <Filter Include="Header Files\external">
      <UniqueIdentifier>{bea6a9ba-bc78-41ed-b567-c58186883718}</UniqueIdentifier>
    </Filter>
    <Filter Include="Header Files\external\OpenFBX">
      <UniqueIdentifier>{73a03a4b-cdfb-46e3-a28c-b377abc28703}</UniqueIdentifier>
    </Filter>
    <Filter Include="Header Files\external\imgui">
      <UniqueIdentifier>{a1b78f80-6754-4708-9ffb-cb5516c81dd1}</UniqueIdentifier>
    </Filter>
    <Filter Include="Header Files\external\cereal">
      <UniqueIdentifier>{c5e53091-f836-46cc-bf09-95d23522d6e3}</UniqueIdentifier>
    </Filter>
    <Filter Include="Source Files\external">
      <UniqueIdentifier>{2a8f8353-31fe-498b-b88c-0636d77d7187}</UniqueIdentifier>
    </Filter>
    <Filter Include="Source Files\external\OpenFBX">
      <UniqueIdentifier>{216c7e85-fac0-4f45-b810-362d0859dc9f}</UniqueIdentifier>
    </Filter>
    <Filter Include="Source Files\external\imgui">
      <UniqueIdentifier>{969640b2-ee82-48a2-b30b-f782093f497a}</UniqueIdentifier>
    </Filter>
    <Filter Include="Header Files\GXM">
      <UniqueIdentifier>{8f1d8d33-8cc4-4ca4-ae9b-6391ecde2902}</UniqueIdentifier>
    </Filter>
    <Filter Include="Source Files\GXM">
      <UniqueIdentifier>{7fc45d44-0424-4983-97d8-7ac586a19cb0}</UniqueIdentifier>
    </Filter>
  </ItemGroup>
  <ItemGroup>
    <ClInclude Include="..\Engine\headers\CameraComponent.hpp">
      <Filter>Header Files</Filter>
    </ClInclude>
    <ClInclude Include="..\Engine\headers\Clock.hpp">
      <Filter>Header Files</Filter>
    </ClInclude>
    <ClInclude Include="..\Engine\headers\Component.hpp">
      <Filter>Header Files</Filter>
    </ClInclude>
    <ClInclude Include="..\Engine\headers\Context.hpp">
      <Filter>Header Files</Filter>
    </ClInclude>
    <ClInclude Include="..\Engine\headers\CoreMacros.hpp">
      <Filter>Header Files</Filter>
    </ClInclude>
    <ClInclude Include="..\Engine\headers\CoreMinimal.hpp">
      <Filter>Header Files</Filter>
    </ClInclude>
    <ClInclude Include="..\Engine\headers\Engine.hpp">
      <Filter>Header Files</Filter>
    </ClInclude>
    <ClInclude Include="..\Engine\headers\FBXLoader.hpp">
      <Filter>Header Files</Filter>
    </ClInclude>
    <ClInclude Include="..\Engine\headers\FragmentShader.hpp">
      <Filter>Header Files</Filter>
    </ClInclude>
    <ClInclude Include="..\Engine\headers\Gamepad.hpp">
      <Filter>Header Files</Filter>
    </ClInclude>
    <ClInclude Include="..\Engine\headers\GPUBuffer.hpp">
      <Filter>Header Files</Filter>
    </ClInclude>
    <ClInclude Include="..\Engine\headers\GPUBufferFactory.hpp">
      <Filter>Header Files</Filter>
    </ClInclude>
    <ClInclude Include="..\Engine\headers\GraphicalLibrary.hpp">
      <Filter>Header Files</Filter>
    </ClInclude>
    <ClInclude Include="..\Engine\headers\GraphicComponent.hpp">
      <Filter>Header Files</Filter>
    </ClInclude>
    <ClInclude Include="..\Engine\headers\InputManager.hpp">
      <Filter>Header Files</Filter>
    </ClInclude>
    <ClInclude Include="..\Engine\headers\Logger.hpp">
      <Filter>Header Files</Filter>
    </ClInclude>
    <ClInclude Include="..\Engine\headers\Material.hpp">
      <Filter>Header Files</Filter>
    </ClInclude>
    <ClInclude Include="..\Engine\headers\MaterialResource.hpp">
      <Filter>Header Files</Filter>
    </ClInclude>
    <ClInclude Include="..\Engine\headers\MemoryMacro.hpp">
      <Filter>Header Files</Filter>
    </ClInclude>
    <ClInclude Include="..\Engine\headers\Mesh.hpp">
      <Filter>Header Files</Filter>
    </ClInclude>
    <ClInclude Include="..\Engine\headers\MeshComponent.hpp">
      <Filter>Header Files</Filter>
    </ClInclude>
    <ClInclude Include="..\Engine\headers\MeshResource.hpp">
      <Filter>Header Files</Filter>
    </ClInclude>
    <ClInclude Include="..\Engine\headers\Node.hpp">
      <Filter>Header Files</Filter>
    </ClInclude>
    <ClInclude Include="..\Engine\headers\NodeTransform.hpp">
      <Filter>Header Files</Filter>
    </ClInclude>
    <ClInclude Include="..\Engine\headers\Object.hpp">
      <Filter>Header Files</Filter>
    </ClInclude>
    <ClInclude Include="..\Engine\headers\ObjectManager.hpp">
      <Filter>Header Files</Filter>
    </ClInclude>
    <ClInclude Include="..\Engine\headers\ObjectTypes.hpp">
      <Filter>Header Files</Filter>
    </ClInclude>
    <ClInclude Include="..\Engine\headers\ObjLoader.hpp">
      <Filter>Header Files</Filter>
    </ClInclude>
    <ClInclude Include="..\Engine\headers\PolygonRenderResource.hpp">
      <Filter>Header Files</Filter>
    </ClInclude>
    <ClInclude Include="..\Engine\headers\Profiler.hpp">
      <Filter>Header Files</Filter>
    </ClInclude>
    <ClInclude Include="..\Engine\headers\Renderer2DComponent.hpp">
      <Filter>Header Files</Filter>
    </ClInclude>
    <ClInclude Include="..\Engine\headers\RendererPipeline.hpp">
      <Filter>Header Files</Filter>
    </ClInclude>
    <ClInclude Include="..\Engine\headers\Resource.hpp">
      <Filter>Header Files</Filter>
    </ClInclude>
    <ClInclude Include="..\Engine\headers\ResourcesManager.hpp">
      <Filter>Header Files</Filter>
    </ClInclude>
    <ClInclude Include="..\Engine\headers\Scene.hpp">
      <Filter>Header Files</Filter>
    </ClInclude>
    <ClInclude Include="..\Engine\headers\Service.hpp">
      <Filter>Header Files</Filter>
    </ClInclude>
    <ClInclude Include="..\Engine\headers\ServiceApplication.hpp">
      <Filter>Header Files</Filter>
    </ClInclude>
    <ClInclude Include="..\Engine\headers\Shader.hpp">
      <Filter>Header Files</Filter>
    </ClInclude>
    <ClInclude Include="..\Engine\headers\ShaderFactory.hpp">
      <Filter>Header Files</Filter>
    </ClInclude>
    <ClInclude Include="..\Engine\headers\SkeletalMesh.hpp">
      <Filter>Header Files</Filter>
    </ClInclude>
    <ClInclude Include="..\Engine\headers\SkeletalMeshComponent.hpp">
      <Filter>Header Files</Filter>
    </ClInclude>
    <ClInclude Include="..\Engine\headers\SkeletalMeshResource.hpp">
      <Filter>Header Files</Filter>
    </ClInclude>
    <ClInclude Include="..\Engine\headers\SubMeshData.hpp">
      <Filter>Header Files</Filter>
    </ClInclude>
    <ClInclude Include="..\Engine\headers\TextureLoader.hpp">
      <Filter>Header Files</Filter>
    </ClInclude>
    <ClInclude Include="..\Engine\headers\TextureResource.hpp">
      <Filter>Header Files</Filter>
    </ClInclude>
    <ClInclude Include="..\Engine\headers\Timer.hpp">
      <Filter>Header Files</Filter>
    </ClInclude>
    <ClInclude Include="..\Engine\headers\VertexShader.hpp">
      <Filter>Header Files</Filter>
    </ClInclude>
    <ClInclude Include="..\Engine\headers\Window.hpp">
      <Filter>Header Files</Filter>
    </ClInclude>
    <ClInclude Include="..\Engine\external\ImGui\imconfig.h">
      <Filter>Header Files\external\imgui</Filter>
    </ClInclude>
    <ClInclude Include="..\Engine\external\ImGui\imgui.h">
      <Filter>Header Files\external\imgui</Filter>
    </ClInclude>
    <ClInclude Include="..\Engine\external\ImGui\imgui_internal.h">
      <Filter>Header Files\external\imgui</Filter>
    </ClInclude>
    <ClInclude Include="..\Engine\external\ImGui\stb_rect_pack.h">
      <Filter>Header Files\external\imgui</Filter>
    </ClInclude>
    <ClInclude Include="..\Engine\external\ImGui\stb_textedit.h">
      <Filter>Header Files\external\imgui</Filter>
    </ClInclude>
    <ClInclude Include="..\Engine\external\ImGui\stb_truetype.h">
      <Filter>Header Files\external\imgui</Filter>
    </ClInclude>
    <ClInclude Include="..\Engine\external\OpenFBX\miniz.h">
      <Filter>Header Files\external\OpenFBX</Filter>
    </ClInclude>
    <ClInclude Include="..\Engine\external\OpenFBX\ofbx.h">
      <Filter>Header Files\external\OpenFBX</Filter>
    </ClInclude>
    <ClInclude Include="..\Engine\external\cereal\access.hpp">
      <Filter>Header Files\external\cereal</Filter>
    </ClInclude>
    <ClInclude Include="..\Engine\external\cereal\cereal.hpp">
      <Filter>Header Files\external\cereal</Filter>
    </ClInclude>
    <ClInclude Include="..\Engine\external\cereal\CustomTypes.hpp">
      <Filter>Header Files\external\cereal</Filter>
    </ClInclude>
    <ClInclude Include="..\Engine\external\cereal\macros.hpp">
      <Filter>Header Files\external\cereal</Filter>
    </ClInclude>
    <ClInclude Include="..\Engine\external\tiny_obj_loader.h">
      <Filter>Header Files\external</Filter>
    </ClInclude>
    <ClInclude Include="headers\GXMContext.hpp">
      <Filter>Header Files\GXM</Filter>
    </ClInclude>
    <ClInclude Include="headers\GXMBuffer.hpp">
      <Filter>Header Files\GXM</Filter>
    </ClInclude>
    <ClInclude Include="headers\GXMBufferFactory.hpp">
      <Filter>Header Files\GXM</Filter>
    </ClInclude>
    <ClInclude Include="headers\GXMRenderer.hpp">
      <Filter>Header Files\GXM</Filter>
    </ClInclude>
    <ClInclude Include="headers\GXMShaderFactory.hpp">
      <Filter>Header Files\GXM</Filter>
    </ClInclude>
  </ItemGroup>
  <ItemGroup>
    <None Include="..\Engine\headers\ObjectHandle.inl">
      <Filter>Header Files</Filter>
    </None>
  </ItemGroup>
  <ItemGroup>
    <ClCompile Include="..\Engine\src\CameraComponent.cpp">
      <Filter>Source Files</Filter>
    </ClCompile>
    <ClCompile Include="..\Engine\src\Clock.cpp">
      <Filter>Source Files</Filter>
    </ClCompile>
    <ClCompile Include="..\Engine\src\Component.cpp">
      <Filter>Source Files</Filter>
    </ClCompile>
    <ClCompile Include="..\Engine\src\Engine.cpp">
      <Filter>Source Files</Filter>
    </ClCompile>
    <ClCompile Include="..\Engine\src\FBXLoader.cpp">
      <Filter>Source Files</Filter>
    </ClCompile>
    <ClCompile Include="..\Engine\src\Gamepad.cpp">
      <Filter>Source Files</Filter>
    </ClCompile>
    <ClCompile Include="..\Engine\src\GraphicalLibrary.cpp">
      <Filter>Source Files</Filter>
    </ClCompile>
    <ClCompile Include="..\Engine\src\InputManager.cpp">
      <Filter>Source Files</Filter>
    </ClCompile>
    <ClCompile Include="..\Engine\src\Logger.cpp">
      <Filter>Source Files</Filter>
    </ClCompile>
    <ClCompile Include="..\Engine\src\Material.cpp">
      <Filter>Source Files</Filter>
    </ClCompile>
    <ClCompile Include="..\Engine\src\MaterialResource.cpp">
      <Filter>Source Files</Filter>
    </ClCompile>
    <ClCompile Include="..\Engine\src\Mesh.cpp">
      <Filter>Source Files</Filter>
    </ClCompile>
    <ClCompile Include="..\Engine\src\MeshComponent.cpp">
      <Filter>Source Files</Filter>
    </ClCompile>
    <ClCompile Include="..\Engine\src\MeshResource.cpp">
      <Filter>Source Files</Filter>
    </ClCompile>
    <ClCompile Include="..\Engine\src\Node.cpp">
      <Filter>Source Files</Filter>
    </ClCompile>
    <ClCompile Include="..\Engine\src\NodeTransform.cpp">
      <Filter>Source Files</Filter>
    </ClCompile>
    <ClCompile Include="..\Engine\src\ObjectManager.cpp">
      <Filter>Source Files</Filter>
    </ClCompile>
    <ClCompile Include="..\Engine\src\ObjLoader.cpp">
      <Filter>Source Files</Filter>
    </ClCompile>
    <ClCompile Include="..\Engine\src\PolygonRenderResource.cpp">
      <Filter>Source Files</Filter>
    </ClCompile>
    <ClCompile Include="..\Engine\src\Profiler.cpp">
      <Filter>Source Files</Filter>
    </ClCompile>
    <ClCompile Include="..\Engine\src\Renderer2DComponent.cpp">
      <Filter>Source Files</Filter>
    </ClCompile>
    <ClCompile Include="..\Engine\src\RendererPipeline.cpp">
      <Filter>Source Files</Filter>
    </ClCompile>
    <ClCompile Include="..\Engine\src\ResourcesManager.cpp">
      <Filter>Source Files</Filter>
    </ClCompile>
    <ClCompile Include="..\Engine\src\Scene.cpp">
      <Filter>Source Files</Filter>
    </ClCompile>
    <ClCompile Include="..\Engine\src\Shader.cpp">
      <Filter>Source Files</Filter>
    </ClCompile>
    <ClCompile Include="..\Engine\src\ShaderFactory.cpp">
      <Filter>Source Files</Filter>
    </ClCompile>
    <ClCompile Include="..\Engine\src\SkeletalMesh.cpp">
      <Filter>Source Files</Filter>
    </ClCompile>
    <ClCompile Include="..\Engine\src\SkeletalMeshComponent.cpp">
      <Filter>Source Files</Filter>
    </ClCompile>
    <ClCompile Include="..\Engine\src\TextureLoader.cpp">
      <Filter>Source Files</Filter>
    </ClCompile>
    <ClCompile Include="..\Engine\src\TextureResource.cpp">
      <Filter>Source Files</Filter>
    </ClCompile>
    <ClCompile Include="..\Engine\src\Timer.cpp">
      <Filter>Source Files</Filter>
    </ClCompile>
    <ClCompile Include="..\Engine\src\Window.cpp">
      <Filter>Source Files</Filter>
    </ClCompile>
    <ClCompile Include="..\Engine\external\OpenFBX\miniz.c">
      <Filter>Source Files\external\OpenFBX</Filter>
    </ClCompile>
    <ClCompile Include="..\Engine\external\OpenFBX\ofbx.cpp">
      <Filter>Source Files\external\OpenFBX</Filter>
    </ClCompile>
    <ClCompile Include="..\Engine\external\ImGui\imgui.cpp">
      <Filter>Source Files\external\imgui</Filter>
    </ClCompile>
    <ClCompile Include="..\Engine\external\ImGui\imgui_draw.cpp">
      <Filter>Source Files\external\imgui</Filter>
    </ClCompile>
    <ClCompile Include="src\GXMContext.cpp">
      <Filter>Source Files\GXM</Filter>
    </ClCompile>
  </ItemGroup>
</Project>